
Microsoft Visual Studio Solution File, Format Version 12.00
# Visual Studio 15
VisualStudioVersion = 15.0.27428.2005
MinimumVisualStudioVersion = 10.0.40219.1
Project("{8BC9CEB8-8B4A-11D0-8D11-00A0C91BC942}") = "Exam03_01", "Exam03_01\Exam03_01.vcxproj", "{7B3B8C0E-FC1E-4061-B0AA-FF854179731A}"
EndProject
Project("{8BC9CEB8-8B4A-11D0-8D11-00A0C91BC942}") = "Exam03_02", "Exam03_02\Exam03_02.vcxproj", "{AAC86BE8-8B59-4631-881B-9A052E1A8D36}"
EndProject
Project("{8BC9CEB8-8B4A-11D0-8D11-00A0C91BC942}") = "Exam03_03", "Exam03_03\Exam03_03.vcxproj", "{D41BFB27-40F8-4FDF-835F-B4F2A7F183AC}"
EndProject
Project("{8BC9CEB8-8B4A-11D0-8D11-00A0C91BC942}") = "Exam03_04", "Exam03_04\Exam03_04.vcxproj", "{B802E126-A117-4966-8563-C1CB83C686DD}"
EndProject
Project("{8BC9CEB8-8B4A-11D0-8D11-00A0C91BC942}") = "Exam03_05", "Exam03_05\Exam03_05.vcxproj", "{1C2B2450-DE46-4464-9EC6-B2F6E0C2D24C}"
EndProject
Project("{8BC9CEB8-8B4A-11D0-8D11-00A0C91BC942}") = "Exam03_06", "Exam03_06\Exam03_06.vcxproj", "{354B0C64-8EAC-4CC3-BF22-D997D2AB5A50}"
EndProject
Project("{8BC9CEB8-8B4A-11D0-8D11-00A0C91BC942}") = "Exam03_08", "Exam03_08\Exam03_08.vcxproj", "{0A1A0690-9CED-4594-B4E8-1BE8E12DE826}"
EndProject
Project("{8BC9CEB8-8B4A-11D0-8D11-00A0C91BC942}") = "Exam03_07", "Exam03_07\Exam03_07.vcxproj", "{A58BC484-0395-4F82-AC8E-A8602B0AB565}"
EndProject
Project("{8BC9CEB8-8B4A-11D0-8D11-00A0C91BC942}") = "Exam03_09", "Exam03_09\Exam03_09.vcxproj", "{56309C91-BC53-4853-A295-5B9396A15367}"
EndProject
Global
	GlobalSection(SolutionConfigurationPlatforms) = preSolution
		Debug|x64 = Debug|x64
		Debug|x86 = Debug|x86
		Release|x64 = Release|x64
		Release|x86 = Release|x86
	EndGlobalSection
	GlobalSection(ProjectConfigurationPlatforms) = postSolution
		{7B3B8C0E-FC1E-4061-B0AA-FF854179731A}.Debug|x64.ActiveCfg = Debug|x64
		{7B3B8C0E-FC1E-4061-B0AA-FF854179731A}.Debug|x64.Build.0 = Debug|x64
		{7B3B8C0E-FC1E-4061-B0AA-FF854179731A}.Debug|x86.ActiveCfg = Debug|Win32
		{7B3B8C0E-FC1E-4061-B0AA-FF854179731A}.Debug|x86.Build.0 = Debug|Win32
		{7B3B8C0E-FC1E-4061-B0AA-FF854179731A}.Release|x64.ActiveCfg = Release|x64
		{7B3B8C0E-FC1E-4061-B0AA-FF854179731A}.Release|x64.Build.0 = Release|x64
		{7B3B8C0E-FC1E-4061-B0AA-FF854179731A}.Release|x86.ActiveCfg = Release|Win32
		{7B3B8C0E-FC1E-4061-B0AA-FF854179731A}.Release|x86.Build.0 = Release|Win32
		{AAC86BE8-8B59-4631-881B-9A052E1A8D36}.Debug|x64.ActiveCfg = Debug|x64
		{AAC86BE8-8B59-4631-881B-9A052E1A8D36}.Debug|x64.Build.0 = Debug|x64
		{AAC86BE8-8B59-4631-881B-9A052E1A8D36}.Debug|x86.ActiveCfg = Debug|Win32
		{AAC86BE8-8B59-4631-881B-9A052E1A8D36}.Debug|x86.Build.0 = Debug|Win32
		{AAC86BE8-8B59-4631-881B-9A052E1A8D36}.Release|x64.ActiveCfg = Release|x64
		{AAC86BE8-8B59-4631-881B-9A052E1A8D36}.Release|x64.Build.0 = Release|x64
		{AAC86BE8-8B59-4631-881B-9A052E1A8D36}.Release|x86.ActiveCfg = Release|Win32
		{AAC86BE8-8B59-4631-881B-9A052E1A8D36}.Release|x86.Build.0 = Release|Win32
		{D41BFB27-40F8-4FDF-835F-B4F2A7F183AC}.Debug|x64.ActiveCfg = Debug|x64
		{D41BFB27-40F8-4FDF-835F-B4F2A7F183AC}.Debug|x64.Build.0 = Debug|x64
		{D41BFB27-40F8-4FDF-835F-B4F2A7F183AC}.Debug|x86.ActiveCfg = Debug|Win32
		{D41BFB27-40F8-4FDF-835F-B4F2A7F183AC}.Debug|x86.Build.0 = Debug|Win32
		{D41BFB27-40F8-4FDF-835F-B4F2A7F183AC}.Release|x64.ActiveCfg = Release|x64
		{D41BFB27-40F8-4FDF-835F-B4F2A7F183AC}.Release|x64.Build.0 = Release|x64
		{D41BFB27-40F8-4FDF-835F-B4F2A7F183AC}.Release|x86.ActiveCfg = Release|Win32
		{D41BFB27-40F8-4FDF-835F-B4F2A7F183AC}.Release|x86.Build.0 = Release|Win32
		{B802E126-A117-4966-8563-C1CB83C686DD}.Debug|x64.ActiveCfg = Debug|x64
		{B802E126-A117-4966-8563-C1CB83C686DD}.Debug|x64.Build.0 = Debug|x64
		{B802E126-A117-4966-8563-C1CB83C686DD}.Debug|x86.ActiveCfg = Debug|Win32
		{B802E126-A117-4966-8563-C1CB83C686DD}.Debug|x86.Build.0 = Debug|Win32
		{B802E126-A117-4966-8563-C1CB83C686DD}.Release|x64.ActiveCfg = Release|x64
		{B802E126-A117-4966-8563-C1CB83C686DD}.Release|x64.Build.0 = Release|x64
		{B802E126-A117-4966-8563-C1CB83C686DD}.Release|x86.ActiveCfg = Release|Win32
		{B802E126-A117-4966-8563-C1CB83C686DD}.Release|x86.Build.0 = Release|Win32
		{1C2B2450-DE46-4464-9EC6-B2F6E0C2D24C}.Debug|x64.ActiveCfg = Debug|x64
		{1C2B2450-DE46-4464-9EC6-B2F6E0C2D24C}.Debug|x64.Build.0 = Debug|x64
		{1C2B2450-DE46-4464-9EC6-B2F6E0C2D24C}.Debug|x86.ActiveCfg = Debug|Win32
		{1C2B2450-DE46-4464-9EC6-B2F6E0C2D24C}.Debug|x86.Build.0 = Debug|Win32
		{1C2B2450-DE46-4464-9EC6-B2F6E0C2D24C}.Release|x64.ActiveCfg = Release|x64
		{1C2B2450-DE46-4464-9EC6-B2F6E0C2D24C}.Release|x64.Build.0 = Release|x64
		{1C2B2450-DE46-4464-9EC6-B2F6E0C2D24C}.Release|x86.ActiveCfg = Release|Win32
		{1C2B2450-DE46-4464-9EC6-B2F6E0C2D24C}.Release|x86.Build.0 = Release|Win32
		{354B0C64-8EAC-4CC3-BF22-D997D2AB5A50}.Debug|x64.ActiveCfg = Debug|x64
		{354B0C64-8EAC-4CC3-BF22-D997D2AB5A50}.Debug|x64.Build.0 = Debug|x64
		{354B0C64-8EAC-4CC3-BF22-D997D2AB5A50}.Debug|x86.ActiveCfg = Debug|Win32
		{354B0C64-8EAC-4CC3-BF22-D997D2AB5A50}.Debug|x86.Build.0 = Debug|Win32
		{354B0C64-8EAC-4CC3-BF22-D997D2AB5A50}.Release|x64.ActiveCfg = Release|x64
		{354B0C64-8EAC-4CC3-BF22-D997D2AB5A50}.Release|x64.Build.0 = Release|x64
		{354B0C64-8EAC-4CC3-BF22-D997D2AB5A50}.Release|x86.ActiveCfg = Release|Win32
		{354B0C64-8EAC-4CC3-BF22-D997D2AB5A50}.Release|x86.Build.0 = Release|Win32
		{0A1A0690-9CED-4594-B4E8-1BE8E12DE826}.Debug|x64.ActiveCfg = Debug|x64
		{0A1A0690-9CED-4594-B4E8-1BE8E12DE826}.Debug|x64.Build.0 = Debug|x64
		{0A1A0690-9CED-4594-B4E8-1BE8E12DE826}.Debug|x86.ActiveCfg = Debug|Win32
		{0A1A0690-9CED-4594-B4E8-1BE8E12DE826}.Debug|x86.Build.0 = Debug|Win32
		{0A1A0690-9CED-4594-B4E8-1BE8E12DE826}.Release|x64.ActiveCfg = Release|x64
		{0A1A0690-9CED-4594-B4E8-1BE8E12DE826}.Release|x64.Build.0 = Release|x64
		{0A1A0690-9CED-4594-B4E8-1BE8E12DE826}.Release|x86.ActiveCfg = Release|Win32
		{0A1A0690-9CED-4594-B4E8-1BE8E12DE826}.Release|x86.Build.0 = Release|Win32
		{A58BC484-0395-4F82-AC8E-A8602B0AB565}.Debug|x64.ActiveCfg = Debug|x64
		{A58BC484-0395-4F82-AC8E-A8602B0AB565}.Debug|x64.Build.0 = Debug|x64
		{A58BC484-0395-4F82-AC8E-A8602B0AB565}.Debug|x86.ActiveCfg = Debug|Win32
		{A58BC484-0395-4F82-AC8E-A8602B0AB565}.Debug|x86.Build.0 = Debug|Win32
		{A58BC484-0395-4F82-AC8E-A8602B0AB565}.Release|x64.ActiveCfg = Release|x64
		{A58BC484-0395-4F82-AC8E-A8602B0AB565}.Release|x64.Build.0 = Release|x64
		{A58BC484-0395-4F82-AC8E-A8602B0AB565}.Release|x86.ActiveCfg = Release|Win32
		{A58BC484-0395-4F82-AC8E-A8602B0AB565}.Release|x86.Build.0 = Release|Win32
		{56309C91-BC53-4853-A295-5B9396A15367}.Debug|x64.ActiveCfg = Debug|x64
		{56309C91-BC53-4853-A295-5B9396A15367}.Debug|x64.Build.0 = Debug|x64
		{56309C91-BC53-4853-A295-5B9396A15367}.Debug|x86.ActiveCfg = Debug|Win32
		{56309C91-BC53-4853-A295-5B9396A15367}.Debug|x86.Build.0 = Debug|Win32
		{56309C91-BC53-4853-A295-5B9396A15367}.Release|x64.ActiveCfg = Release|x64
		{56309C91-BC53-4853-A295-5B9396A15367}.Release|x64.Build.0 = Release|x64
		{56309C91-BC53-4853-A295-5B9396A15367}.Release|x86.ActiveCfg = Release|Win32
		{56309C91-BC53-4853-A295-5B9396A15367}.Release|x86.Build.0 = Release|Win32
	EndGlobalSection
	GlobalSection(SolutionProperties) = preSolution
		HideSolutionNode = FALSE
	EndGlobalSection
	GlobalSection(ExtensibilityGlobals) = postSolution
		SolutionGuid = {57C26B35-689F-4E86-9A01-3D1F598471E7}
	EndGlobalSection
EndGlobal
