
Microsoft Visual Studio Solution File, Format Version 12.00
# Visual Studio 15
VisualStudioVersion = 15.0.27428.2005
MinimumVisualStudioVersion = 10.0.40219.1
Project("{8BC9CEB8-8B4A-11D0-8D11-00A0C91BC942}") = "Exam11_01", "Exam11_01\Exam11_01.vcxproj", "{A981F7F8-A33E-4EF3-855C-39AABD0C6EE6}"
EndProject
Project("{8BC9CEB8-8B4A-11D0-8D11-00A0C91BC942}") = "Exam11_13", "Exam11_13\Exam11_13.vcxproj", "{9DF28367-EA2E-48B5-8557-2D8DCE9A541A}"
EndProject
Project("{8BC9CEB8-8B4A-11D0-8D11-00A0C91BC942}") = "Exam11_02", "Exam11_02\Exam11_02.vcxproj", "{11724F28-D764-4B03-AB2C-2A93802939BC}"
EndProject
Project("{8BC9CEB8-8B4A-11D0-8D11-00A0C91BC942}") = "Exam11_03", "Exam11_03\Exam11_03.vcxproj", "{D3FEB7FB-86A0-4D01-9776-9814854514EE}"
EndProject
Project("{8BC9CEB8-8B4A-11D0-8D11-00A0C91BC942}") = "Exam11_04", "Exam11_04\Exam11_04.vcxproj", "{0AE8F759-877B-49A2-88B4-6B1DD21BD400}"
EndProject
Project("{8BC9CEB8-8B4A-11D0-8D11-00A0C91BC942}") = "Exam11_05", "Exam11_05\Exam11_05.vcxproj", "{7C7492F2-286B-496D-AF74-3FD81A87C5D7}"
EndProject
Project("{8BC9CEB8-8B4A-11D0-8D11-00A0C91BC942}") = "Exam11_06", "Exam11_06\Exam11_06.vcxproj", "{B3FA834B-E3C5-4927-BFEA-DEF8644FCCE6}"
EndProject
Project("{8BC9CEB8-8B4A-11D0-8D11-00A0C91BC942}") = "Exam11_07", "Exam11_07\Exam11_07.vcxproj", "{F32B9402-8EB5-4EB5-86FE-15EE6C2B0F1D}"
EndProject
Project("{8BC9CEB8-8B4A-11D0-8D11-00A0C91BC942}") = "Exam11_08", "Exam11_08\Exam11_08.vcxproj", "{00658AFC-D897-471D-8012-E62AECD7EF29}"
EndProject
Project("{8BC9CEB8-8B4A-11D0-8D11-00A0C91BC942}") = "Exam11_09", "Exam11_09\Exam11_09.vcxproj", "{EA59F1CB-C5EF-4D83-AEDB-D4029512A8C4}"
EndProject
Project("{8BC9CEB8-8B4A-11D0-8D11-00A0C91BC942}") = "Exam11_10", "Exam11_10\Exam11_10.vcxproj", "{E6804FF0-7F2C-4A82-972A-8F68A2ED39A7}"
EndProject
Project("{8BC9CEB8-8B4A-11D0-8D11-00A0C91BC942}") = "Exam11_11", "Exam11_11\Exam11_11.vcxproj", "{6B1B0373-04A8-42AA-A144-EDDF3655295F}"
EndProject
Project("{8BC9CEB8-8B4A-11D0-8D11-00A0C91BC942}") = "Exam11_12", "Exam11_12\Exam11_12.vcxproj", "{1A49B662-5104-4BF1-B852-54FAB69B3A8A}"
EndProject
Global
	GlobalSection(SolutionConfigurationPlatforms) = preSolution
		Debug|x64 = Debug|x64
		Debug|x86 = Debug|x86
		Release|x64 = Release|x64
		Release|x86 = Release|x86
	EndGlobalSection
	GlobalSection(ProjectConfigurationPlatforms) = postSolution
		{A981F7F8-A33E-4EF3-855C-39AABD0C6EE6}.Debug|x64.ActiveCfg = Debug|x64
		{A981F7F8-A33E-4EF3-855C-39AABD0C6EE6}.Debug|x64.Build.0 = Debug|x64
		{A981F7F8-A33E-4EF3-855C-39AABD0C6EE6}.Debug|x86.ActiveCfg = Debug|Win32
		{A981F7F8-A33E-4EF3-855C-39AABD0C6EE6}.Debug|x86.Build.0 = Debug|Win32
		{A981F7F8-A33E-4EF3-855C-39AABD0C6EE6}.Release|x64.ActiveCfg = Release|x64
		{A981F7F8-A33E-4EF3-855C-39AABD0C6EE6}.Release|x64.Build.0 = Release|x64
		{A981F7F8-A33E-4EF3-855C-39AABD0C6EE6}.Release|x86.ActiveCfg = Release|Win32
		{A981F7F8-A33E-4EF3-855C-39AABD0C6EE6}.Release|x86.Build.0 = Release|Win32
		{9DF28367-EA2E-48B5-8557-2D8DCE9A541A}.Debug|x64.ActiveCfg = Debug|x64
		{9DF28367-EA2E-48B5-8557-2D8DCE9A541A}.Debug|x64.Build.0 = Debug|x64
		{9DF28367-EA2E-48B5-8557-2D8DCE9A541A}.Debug|x86.ActiveCfg = Debug|Win32
		{9DF28367-EA2E-48B5-8557-2D8DCE9A541A}.Debug|x86.Build.0 = Debug|Win32
		{9DF28367-EA2E-48B5-8557-2D8DCE9A541A}.Release|x64.ActiveCfg = Release|x64
		{9DF28367-EA2E-48B5-8557-2D8DCE9A541A}.Release|x64.Build.0 = Release|x64
		{9DF28367-EA2E-48B5-8557-2D8DCE9A541A}.Release|x86.ActiveCfg = Release|Win32
		{9DF28367-EA2E-48B5-8557-2D8DCE9A541A}.Release|x86.Build.0 = Release|Win32
		{11724F28-D764-4B03-AB2C-2A93802939BC}.Debug|x64.ActiveCfg = Debug|x64
		{11724F28-D764-4B03-AB2C-2A93802939BC}.Debug|x64.Build.0 = Debug|x64
		{11724F28-D764-4B03-AB2C-2A93802939BC}.Debug|x86.ActiveCfg = Debug|Win32
		{11724F28-D764-4B03-AB2C-2A93802939BC}.Debug|x86.Build.0 = Debug|Win32
		{11724F28-D764-4B03-AB2C-2A93802939BC}.Release|x64.ActiveCfg = Release|x64
		{11724F28-D764-4B03-AB2C-2A93802939BC}.Release|x64.Build.0 = Release|x64
		{11724F28-D764-4B03-AB2C-2A93802939BC}.Release|x86.ActiveCfg = Release|Win32
		{11724F28-D764-4B03-AB2C-2A93802939BC}.Release|x86.Build.0 = Release|Win32
		{D3FEB7FB-86A0-4D01-9776-9814854514EE}.Debug|x64.ActiveCfg = Debug|x64
		{D3FEB7FB-86A0-4D01-9776-9814854514EE}.Debug|x64.Build.0 = Debug|x64
		{D3FEB7FB-86A0-4D01-9776-9814854514EE}.Debug|x86.ActiveCfg = Debug|Win32
		{D3FEB7FB-86A0-4D01-9776-9814854514EE}.Debug|x86.Build.0 = Debug|Win32
		{D3FEB7FB-86A0-4D01-9776-9814854514EE}.Release|x64.ActiveCfg = Release|x64
		{D3FEB7FB-86A0-4D01-9776-9814854514EE}.Release|x64.Build.0 = Release|x64
		{D3FEB7FB-86A0-4D01-9776-9814854514EE}.Release|x86.ActiveCfg = Release|Win32
		{D3FEB7FB-86A0-4D01-9776-9814854514EE}.Release|x86.Build.0 = Release|Win32
		{0AE8F759-877B-49A2-88B4-6B1DD21BD400}.Debug|x64.ActiveCfg = Debug|x64
		{0AE8F759-877B-49A2-88B4-6B1DD21BD400}.Debug|x64.Build.0 = Debug|x64
		{0AE8F759-877B-49A2-88B4-6B1DD21BD400}.Debug|x86.ActiveCfg = Debug|Win32
		{0AE8F759-877B-49A2-88B4-6B1DD21BD400}.Debug|x86.Build.0 = Debug|Win32
		{0AE8F759-877B-49A2-88B4-6B1DD21BD400}.Release|x64.ActiveCfg = Release|x64
		{0AE8F759-877B-49A2-88B4-6B1DD21BD400}.Release|x64.Build.0 = Release|x64
		{0AE8F759-877B-49A2-88B4-6B1DD21BD400}.Release|x86.ActiveCfg = Release|Win32
		{0AE8F759-877B-49A2-88B4-6B1DD21BD400}.Release|x86.Build.0 = Release|Win32
		{7C7492F2-286B-496D-AF74-3FD81A87C5D7}.Debug|x64.ActiveCfg = Debug|x64
		{7C7492F2-286B-496D-AF74-3FD81A87C5D7}.Debug|x64.Build.0 = Debug|x64
		{7C7492F2-286B-496D-AF74-3FD81A87C5D7}.Debug|x86.ActiveCfg = Debug|Win32
		{7C7492F2-286B-496D-AF74-3FD81A87C5D7}.Debug|x86.Build.0 = Debug|Win32
		{7C7492F2-286B-496D-AF74-3FD81A87C5D7}.Release|x64.ActiveCfg = Release|x64
		{7C7492F2-286B-496D-AF74-3FD81A87C5D7}.Release|x64.Build.0 = Release|x64
		{7C7492F2-286B-496D-AF74-3FD81A87C5D7}.Release|x86.ActiveCfg = Release|Win32
		{7C7492F2-286B-496D-AF74-3FD81A87C5D7}.Release|x86.Build.0 = Release|Win32
		{B3FA834B-E3C5-4927-BFEA-DEF8644FCCE6}.Debug|x64.ActiveCfg = Debug|x64
		{B3FA834B-E3C5-4927-BFEA-DEF8644FCCE6}.Debug|x64.Build.0 = Debug|x64
		{B3FA834B-E3C5-4927-BFEA-DEF8644FCCE6}.Debug|x86.ActiveCfg = Debug|Win32
		{B3FA834B-E3C5-4927-BFEA-DEF8644FCCE6}.Debug|x86.Build.0 = Debug|Win32
		{B3FA834B-E3C5-4927-BFEA-DEF8644FCCE6}.Release|x64.ActiveCfg = Release|x64
		{B3FA834B-E3C5-4927-BFEA-DEF8644FCCE6}.Release|x64.Build.0 = Release|x64
		{B3FA834B-E3C5-4927-BFEA-DEF8644FCCE6}.Release|x86.ActiveCfg = Release|Win32
		{B3FA834B-E3C5-4927-BFEA-DEF8644FCCE6}.Release|x86.Build.0 = Release|Win32
		{F32B9402-8EB5-4EB5-86FE-15EE6C2B0F1D}.Debug|x64.ActiveCfg = Debug|x64
		{F32B9402-8EB5-4EB5-86FE-15EE6C2B0F1D}.Debug|x64.Build.0 = Debug|x64
		{F32B9402-8EB5-4EB5-86FE-15EE6C2B0F1D}.Debug|x86.ActiveCfg = Debug|Win32
		{F32B9402-8EB5-4EB5-86FE-15EE6C2B0F1D}.Debug|x86.Build.0 = Debug|Win32
		{F32B9402-8EB5-4EB5-86FE-15EE6C2B0F1D}.Release|x64.ActiveCfg = Release|x64
		{F32B9402-8EB5-4EB5-86FE-15EE6C2B0F1D}.Release|x64.Build.0 = Release|x64
		{F32B9402-8EB5-4EB5-86FE-15EE6C2B0F1D}.Release|x86.ActiveCfg = Release|Win32
		{F32B9402-8EB5-4EB5-86FE-15EE6C2B0F1D}.Release|x86.Build.0 = Release|Win32
		{00658AFC-D897-471D-8012-E62AECD7EF29}.Debug|x64.ActiveCfg = Debug|x64
		{00658AFC-D897-471D-8012-E62AECD7EF29}.Debug|x64.Build.0 = Debug|x64
		{00658AFC-D897-471D-8012-E62AECD7EF29}.Debug|x86.ActiveCfg = Debug|Win32
		{00658AFC-D897-471D-8012-E62AECD7EF29}.Debug|x86.Build.0 = Debug|Win32
		{00658AFC-D897-471D-8012-E62AECD7EF29}.Release|x64.ActiveCfg = Release|x64
		{00658AFC-D897-471D-8012-E62AECD7EF29}.Release|x64.Build.0 = Release|x64
		{00658AFC-D897-471D-8012-E62AECD7EF29}.Release|x86.ActiveCfg = Release|Win32
		{00658AFC-D897-471D-8012-E62AECD7EF29}.Release|x86.Build.0 = Release|Win32
		{EA59F1CB-C5EF-4D83-AEDB-D4029512A8C4}.Debug|x64.ActiveCfg = Debug|x64
		{EA59F1CB-C5EF-4D83-AEDB-D4029512A8C4}.Debug|x64.Build.0 = Debug|x64
		{EA59F1CB-C5EF-4D83-AEDB-D4029512A8C4}.Debug|x86.ActiveCfg = Debug|Win32
		{EA59F1CB-C5EF-4D83-AEDB-D4029512A8C4}.Debug|x86.Build.0 = Debug|Win32
		{EA59F1CB-C5EF-4D83-AEDB-D4029512A8C4}.Release|x64.ActiveCfg = Release|x64
		{EA59F1CB-C5EF-4D83-AEDB-D4029512A8C4}.Release|x64.Build.0 = Release|x64
		{EA59F1CB-C5EF-4D83-AEDB-D4029512A8C4}.Release|x86.ActiveCfg = Release|Win32
		{EA59F1CB-C5EF-4D83-AEDB-D4029512A8C4}.Release|x86.Build.0 = Release|Win32
		{E6804FF0-7F2C-4A82-972A-8F68A2ED39A7}.Debug|x64.ActiveCfg = Debug|x64
		{E6804FF0-7F2C-4A82-972A-8F68A2ED39A7}.Debug|x64.Build.0 = Debug|x64
		{E6804FF0-7F2C-4A82-972A-8F68A2ED39A7}.Debug|x86.ActiveCfg = Debug|Win32
		{E6804FF0-7F2C-4A82-972A-8F68A2ED39A7}.Debug|x86.Build.0 = Debug|Win32
		{E6804FF0-7F2C-4A82-972A-8F68A2ED39A7}.Release|x64.ActiveCfg = Release|x64
		{E6804FF0-7F2C-4A82-972A-8F68A2ED39A7}.Release|x64.Build.0 = Release|x64
		{E6804FF0-7F2C-4A82-972A-8F68A2ED39A7}.Release|x86.ActiveCfg = Release|Win32
		{E6804FF0-7F2C-4A82-972A-8F68A2ED39A7}.Release|x86.Build.0 = Release|Win32
		{6B1B0373-04A8-42AA-A144-EDDF3655295F}.Debug|x64.ActiveCfg = Debug|x64
		{6B1B0373-04A8-42AA-A144-EDDF3655295F}.Debug|x64.Build.0 = Debug|x64
		{6B1B0373-04A8-42AA-A144-EDDF3655295F}.Debug|x86.ActiveCfg = Debug|Win32
		{6B1B0373-04A8-42AA-A144-EDDF3655295F}.Debug|x86.Build.0 = Debug|Win32
		{6B1B0373-04A8-42AA-A144-EDDF3655295F}.Release|x64.ActiveCfg = Release|x64
		{6B1B0373-04A8-42AA-A144-EDDF3655295F}.Release|x64.Build.0 = Release|x64
		{6B1B0373-04A8-42AA-A144-EDDF3655295F}.Release|x86.ActiveCfg = Release|Win32
		{6B1B0373-04A8-42AA-A144-EDDF3655295F}.Release|x86.Build.0 = Release|Win32
		{1A49B662-5104-4BF1-B852-54FAB69B3A8A}.Debug|x64.ActiveCfg = Debug|x64
		{1A49B662-5104-4BF1-B852-54FAB69B3A8A}.Debug|x64.Build.0 = Debug|x64
		{1A49B662-5104-4BF1-B852-54FAB69B3A8A}.Debug|x86.ActiveCfg = Debug|Win32
		{1A49B662-5104-4BF1-B852-54FAB69B3A8A}.Debug|x86.Build.0 = Debug|Win32
		{1A49B662-5104-4BF1-B852-54FAB69B3A8A}.Release|x64.ActiveCfg = Release|x64
		{1A49B662-5104-4BF1-B852-54FAB69B3A8A}.Release|x64.Build.0 = Release|x64
		{1A49B662-5104-4BF1-B852-54FAB69B3A8A}.Release|x86.ActiveCfg = Release|Win32
		{1A49B662-5104-4BF1-B852-54FAB69B3A8A}.Release|x86.Build.0 = Release|Win32
	EndGlobalSection
	GlobalSection(SolutionProperties) = preSolution
		HideSolutionNode = FALSE
	EndGlobalSection
	GlobalSection(ExtensibilityGlobals) = postSolution
		SolutionGuid = {18D82F71-27E3-41E5-A47C-69325C340AA7}
	EndGlobalSection
EndGlobal
