
Microsoft Visual Studio Solution File, Format Version 12.00
# Visual Studio 15
VisualStudioVersion = 15.0.27428.2005
MinimumVisualStudioVersion = 10.0.40219.1
Project("{8BC9CEB8-8B4A-11D0-8D11-00A0C91BC942}") = "Exam04_01", "Exam04_01\Exam04_01.vcxproj", "{069882CE-F379-4EDD-9A61-BF494DE1A9AC}"
EndProject
Project("{8BC9CEB8-8B4A-11D0-8D11-00A0C91BC942}") = "Exam04_02", "Exam04_02\Exam04_02.vcxproj", "{15FDAD51-222A-47AD-8E7F-26AFF102CD71}"
EndProject
Project("{8BC9CEB8-8B4A-11D0-8D11-00A0C91BC942}") = "Exam04_03", "Exam04_03\Exam04_03.vcxproj", "{7B7C99A3-8D17-4814-9F73-874C1B2CE408}"
EndProject
Project("{8BC9CEB8-8B4A-11D0-8D11-00A0C91BC942}") = "Exam04_04", "Exam04_04\Exam04_04.vcxproj", "{A2333184-A3B0-4409-90BB-0EDBBE24FFD2}"
EndProject
Project("{8BC9CEB8-8B4A-11D0-8D11-00A0C91BC942}") = "Exam04_05", "Exam04_05\Exam04_05.vcxproj", "{685ADD67-3C91-441E-AEF6-68B0AF55DF80}"
EndProject
Project("{8BC9CEB8-8B4A-11D0-8D11-00A0C91BC942}") = "Exam04_06", "Exam04_06\Exam04_06.vcxproj", "{6EAC30D4-B600-4501-9DDC-A626BBA2FA14}"
EndProject
Project("{8BC9CEB8-8B4A-11D0-8D11-00A0C91BC942}") = "Exam04_07", "Exam04_07\Exam04_07.vcxproj", "{9516331E-2156-4938-A606-90F813D720DA}"
EndProject
Project("{8BC9CEB8-8B4A-11D0-8D11-00A0C91BC942}") = "Exam04_08", "Exam04_08\Exam04_08.vcxproj", "{6BB6B3F3-243E-4DDE-8B45-F5D2BD44C33E}"
EndProject
Project("{8BC9CEB8-8B4A-11D0-8D11-00A0C91BC942}") = "Exam04_09", "Exam04_09\Exam04_09.vcxproj", "{1E0B3897-622B-4B87-89FF-B9B1001F5300}"
EndProject
Project("{8BC9CEB8-8B4A-11D0-8D11-00A0C91BC942}") = "Exam04_10", "Exam04_10\Exam04_10.vcxproj", "{B9023F75-CDD1-4DB6-A49F-A65DD88BC987}"
EndProject
Project("{8BC9CEB8-8B4A-11D0-8D11-00A0C91BC942}") = "Exam04_11", "Exam04_11\Exam04_11.vcxproj", "{65AB4A71-F4EC-4551-A224-CAD66745E1C1}"
EndProject
Project("{8BC9CEB8-8B4A-11D0-8D11-00A0C91BC942}") = "Exam04_12", "Exam04_12\Exam04_12.vcxproj", "{9639F236-0FF2-41E5-8C47-A61D8F226626}"
EndProject
Project("{8BC9CEB8-8B4A-11D0-8D11-00A0C91BC942}") = "Exam04_13", "Exam04_13\Exam04_13.vcxproj", "{315D66F0-CC57-4AC2-88CB-A84789D9CB3F}"
EndProject
Project("{8BC9CEB8-8B4A-11D0-8D11-00A0C91BC942}") = "Exam04_14", "Exam04_14\Exam04_14.vcxproj", "{0E2B97D9-E41A-4AFB-8079-023DAB3A4DBC}"
EndProject
Project("{8BC9CEB8-8B4A-11D0-8D11-00A0C91BC942}") = "Exam04_15", "Exam04_15\Exam04_15.vcxproj", "{BCCEDA71-E8F9-4199-9C6F-22F9AB2B630E}"
EndProject
Global
	GlobalSection(SolutionConfigurationPlatforms) = preSolution
		Debug|x64 = Debug|x64
		Debug|x86 = Debug|x86
		Release|x64 = Release|x64
		Release|x86 = Release|x86
	EndGlobalSection
	GlobalSection(ProjectConfigurationPlatforms) = postSolution
		{069882CE-F379-4EDD-9A61-BF494DE1A9AC}.Debug|x64.ActiveCfg = Debug|x64
		{069882CE-F379-4EDD-9A61-BF494DE1A9AC}.Debug|x64.Build.0 = Debug|x64
		{069882CE-F379-4EDD-9A61-BF494DE1A9AC}.Debug|x86.ActiveCfg = Debug|Win32
		{069882CE-F379-4EDD-9A61-BF494DE1A9AC}.Debug|x86.Build.0 = Debug|Win32
		{069882CE-F379-4EDD-9A61-BF494DE1A9AC}.Release|x64.ActiveCfg = Release|x64
		{069882CE-F379-4EDD-9A61-BF494DE1A9AC}.Release|x64.Build.0 = Release|x64
		{069882CE-F379-4EDD-9A61-BF494DE1A9AC}.Release|x86.ActiveCfg = Release|Win32
		{069882CE-F379-4EDD-9A61-BF494DE1A9AC}.Release|x86.Build.0 = Release|Win32
		{15FDAD51-222A-47AD-8E7F-26AFF102CD71}.Debug|x64.ActiveCfg = Debug|x64
		{15FDAD51-222A-47AD-8E7F-26AFF102CD71}.Debug|x64.Build.0 = Debug|x64
		{15FDAD51-222A-47AD-8E7F-26AFF102CD71}.Debug|x86.ActiveCfg = Debug|Win32
		{15FDAD51-222A-47AD-8E7F-26AFF102CD71}.Debug|x86.Build.0 = Debug|Win32
		{15FDAD51-222A-47AD-8E7F-26AFF102CD71}.Release|x64.ActiveCfg = Release|x64
		{15FDAD51-222A-47AD-8E7F-26AFF102CD71}.Release|x64.Build.0 = Release|x64
		{15FDAD51-222A-47AD-8E7F-26AFF102CD71}.Release|x86.ActiveCfg = Release|Win32
		{15FDAD51-222A-47AD-8E7F-26AFF102CD71}.Release|x86.Build.0 = Release|Win32
		{7B7C99A3-8D17-4814-9F73-874C1B2CE408}.Debug|x64.ActiveCfg = Debug|x64
		{7B7C99A3-8D17-4814-9F73-874C1B2CE408}.Debug|x64.Build.0 = Debug|x64
		{7B7C99A3-8D17-4814-9F73-874C1B2CE408}.Debug|x86.ActiveCfg = Debug|Win32
		{7B7C99A3-8D17-4814-9F73-874C1B2CE408}.Debug|x86.Build.0 = Debug|Win32
		{7B7C99A3-8D17-4814-9F73-874C1B2CE408}.Release|x64.ActiveCfg = Release|x64
		{7B7C99A3-8D17-4814-9F73-874C1B2CE408}.Release|x64.Build.0 = Release|x64
		{7B7C99A3-8D17-4814-9F73-874C1B2CE408}.Release|x86.ActiveCfg = Release|Win32
		{7B7C99A3-8D17-4814-9F73-874C1B2CE408}.Release|x86.Build.0 = Release|Win32
		{A2333184-A3B0-4409-90BB-0EDBBE24FFD2}.Debug|x64.ActiveCfg = Debug|x64
		{A2333184-A3B0-4409-90BB-0EDBBE24FFD2}.Debug|x64.Build.0 = Debug|x64
		{A2333184-A3B0-4409-90BB-0EDBBE24FFD2}.Debug|x86.ActiveCfg = Debug|Win32
		{A2333184-A3B0-4409-90BB-0EDBBE24FFD2}.Debug|x86.Build.0 = Debug|Win32
		{A2333184-A3B0-4409-90BB-0EDBBE24FFD2}.Release|x64.ActiveCfg = Release|x64
		{A2333184-A3B0-4409-90BB-0EDBBE24FFD2}.Release|x64.Build.0 = Release|x64
		{A2333184-A3B0-4409-90BB-0EDBBE24FFD2}.Release|x86.ActiveCfg = Release|Win32
		{A2333184-A3B0-4409-90BB-0EDBBE24FFD2}.Release|x86.Build.0 = Release|Win32
		{685ADD67-3C91-441E-AEF6-68B0AF55DF80}.Debug|x64.ActiveCfg = Debug|x64
		{685ADD67-3C91-441E-AEF6-68B0AF55DF80}.Debug|x64.Build.0 = Debug|x64
		{685ADD67-3C91-441E-AEF6-68B0AF55DF80}.Debug|x86.ActiveCfg = Debug|Win32
		{685ADD67-3C91-441E-AEF6-68B0AF55DF80}.Debug|x86.Build.0 = Debug|Win32
		{685ADD67-3C91-441E-AEF6-68B0AF55DF80}.Release|x64.ActiveCfg = Release|x64
		{685ADD67-3C91-441E-AEF6-68B0AF55DF80}.Release|x64.Build.0 = Release|x64
		{685ADD67-3C91-441E-AEF6-68B0AF55DF80}.Release|x86.ActiveCfg = Release|Win32
		{685ADD67-3C91-441E-AEF6-68B0AF55DF80}.Release|x86.Build.0 = Release|Win32
		{6EAC30D4-B600-4501-9DDC-A626BBA2FA14}.Debug|x64.ActiveCfg = Debug|x64
		{6EAC30D4-B600-4501-9DDC-A626BBA2FA14}.Debug|x64.Build.0 = Debug|x64
		{6EAC30D4-B600-4501-9DDC-A626BBA2FA14}.Debug|x86.ActiveCfg = Debug|Win32
		{6EAC30D4-B600-4501-9DDC-A626BBA2FA14}.Debug|x86.Build.0 = Debug|Win32
		{6EAC30D4-B600-4501-9DDC-A626BBA2FA14}.Release|x64.ActiveCfg = Release|x64
		{6EAC30D4-B600-4501-9DDC-A626BBA2FA14}.Release|x64.Build.0 = Release|x64
		{6EAC30D4-B600-4501-9DDC-A626BBA2FA14}.Release|x86.ActiveCfg = Release|Win32
		{6EAC30D4-B600-4501-9DDC-A626BBA2FA14}.Release|x86.Build.0 = Release|Win32
		{9516331E-2156-4938-A606-90F813D720DA}.Debug|x64.ActiveCfg = Debug|x64
		{9516331E-2156-4938-A606-90F813D720DA}.Debug|x64.Build.0 = Debug|x64
		{9516331E-2156-4938-A606-90F813D720DA}.Debug|x86.ActiveCfg = Debug|Win32
		{9516331E-2156-4938-A606-90F813D720DA}.Debug|x86.Build.0 = Debug|Win32
		{9516331E-2156-4938-A606-90F813D720DA}.Release|x64.ActiveCfg = Release|x64
		{9516331E-2156-4938-A606-90F813D720DA}.Release|x64.Build.0 = Release|x64
		{9516331E-2156-4938-A606-90F813D720DA}.Release|x86.ActiveCfg = Release|Win32
		{9516331E-2156-4938-A606-90F813D720DA}.Release|x86.Build.0 = Release|Win32
		{6BB6B3F3-243E-4DDE-8B45-F5D2BD44C33E}.Debug|x64.ActiveCfg = Debug|x64
		{6BB6B3F3-243E-4DDE-8B45-F5D2BD44C33E}.Debug|x64.Build.0 = Debug|x64
		{6BB6B3F3-243E-4DDE-8B45-F5D2BD44C33E}.Debug|x86.ActiveCfg = Debug|Win32
		{6BB6B3F3-243E-4DDE-8B45-F5D2BD44C33E}.Debug|x86.Build.0 = Debug|Win32
		{6BB6B3F3-243E-4DDE-8B45-F5D2BD44C33E}.Release|x64.ActiveCfg = Release|x64
		{6BB6B3F3-243E-4DDE-8B45-F5D2BD44C33E}.Release|x64.Build.0 = Release|x64
		{6BB6B3F3-243E-4DDE-8B45-F5D2BD44C33E}.Release|x86.ActiveCfg = Release|Win32
		{6BB6B3F3-243E-4DDE-8B45-F5D2BD44C33E}.Release|x86.Build.0 = Release|Win32
		{1E0B3897-622B-4B87-89FF-B9B1001F5300}.Debug|x64.ActiveCfg = Debug|x64
		{1E0B3897-622B-4B87-89FF-B9B1001F5300}.Debug|x64.Build.0 = Debug|x64
		{1E0B3897-622B-4B87-89FF-B9B1001F5300}.Debug|x86.ActiveCfg = Debug|Win32
		{1E0B3897-622B-4B87-89FF-B9B1001F5300}.Debug|x86.Build.0 = Debug|Win32
		{1E0B3897-622B-4B87-89FF-B9B1001F5300}.Release|x64.ActiveCfg = Release|x64
		{1E0B3897-622B-4B87-89FF-B9B1001F5300}.Release|x64.Build.0 = Release|x64
		{1E0B3897-622B-4B87-89FF-B9B1001F5300}.Release|x86.ActiveCfg = Release|Win32
		{1E0B3897-622B-4B87-89FF-B9B1001F5300}.Release|x86.Build.0 = Release|Win32
		{B9023F75-CDD1-4DB6-A49F-A65DD88BC987}.Debug|x64.ActiveCfg = Debug|x64
		{B9023F75-CDD1-4DB6-A49F-A65DD88BC987}.Debug|x64.Build.0 = Debug|x64
		{B9023F75-CDD1-4DB6-A49F-A65DD88BC987}.Debug|x86.ActiveCfg = Debug|Win32
		{B9023F75-CDD1-4DB6-A49F-A65DD88BC987}.Debug|x86.Build.0 = Debug|Win32
		{B9023F75-CDD1-4DB6-A49F-A65DD88BC987}.Release|x64.ActiveCfg = Release|x64
		{B9023F75-CDD1-4DB6-A49F-A65DD88BC987}.Release|x64.Build.0 = Release|x64
		{B9023F75-CDD1-4DB6-A49F-A65DD88BC987}.Release|x86.ActiveCfg = Release|Win32
		{B9023F75-CDD1-4DB6-A49F-A65DD88BC987}.Release|x86.Build.0 = Release|Win32
		{65AB4A71-F4EC-4551-A224-CAD66745E1C1}.Debug|x64.ActiveCfg = Debug|x64
		{65AB4A71-F4EC-4551-A224-CAD66745E1C1}.Debug|x64.Build.0 = Debug|x64
		{65AB4A71-F4EC-4551-A224-CAD66745E1C1}.Debug|x86.ActiveCfg = Debug|Win32
		{65AB4A71-F4EC-4551-A224-CAD66745E1C1}.Debug|x86.Build.0 = Debug|Win32
		{65AB4A71-F4EC-4551-A224-CAD66745E1C1}.Release|x64.ActiveCfg = Release|x64
		{65AB4A71-F4EC-4551-A224-CAD66745E1C1}.Release|x64.Build.0 = Release|x64
		{65AB4A71-F4EC-4551-A224-CAD66745E1C1}.Release|x86.ActiveCfg = Release|Win32
		{65AB4A71-F4EC-4551-A224-CAD66745E1C1}.Release|x86.Build.0 = Release|Win32
		{9639F236-0FF2-41E5-8C47-A61D8F226626}.Debug|x64.ActiveCfg = Debug|x64
		{9639F236-0FF2-41E5-8C47-A61D8F226626}.Debug|x64.Build.0 = Debug|x64
		{9639F236-0FF2-41E5-8C47-A61D8F226626}.Debug|x86.ActiveCfg = Debug|Win32
		{9639F236-0FF2-41E5-8C47-A61D8F226626}.Debug|x86.Build.0 = Debug|Win32
		{9639F236-0FF2-41E5-8C47-A61D8F226626}.Release|x64.ActiveCfg = Release|x64
		{9639F236-0FF2-41E5-8C47-A61D8F226626}.Release|x64.Build.0 = Release|x64
		{9639F236-0FF2-41E5-8C47-A61D8F226626}.Release|x86.ActiveCfg = Release|Win32
		{9639F236-0FF2-41E5-8C47-A61D8F226626}.Release|x86.Build.0 = Release|Win32
		{315D66F0-CC57-4AC2-88CB-A84789D9CB3F}.Debug|x64.ActiveCfg = Debug|x64
		{315D66F0-CC57-4AC2-88CB-A84789D9CB3F}.Debug|x64.Build.0 = Debug|x64
		{315D66F0-CC57-4AC2-88CB-A84789D9CB3F}.Debug|x86.ActiveCfg = Debug|Win32
		{315D66F0-CC57-4AC2-88CB-A84789D9CB3F}.Debug|x86.Build.0 = Debug|Win32
		{315D66F0-CC57-4AC2-88CB-A84789D9CB3F}.Release|x64.ActiveCfg = Release|x64
		{315D66F0-CC57-4AC2-88CB-A84789D9CB3F}.Release|x64.Build.0 = Release|x64
		{315D66F0-CC57-4AC2-88CB-A84789D9CB3F}.Release|x86.ActiveCfg = Release|Win32
		{315D66F0-CC57-4AC2-88CB-A84789D9CB3F}.Release|x86.Build.0 = Release|Win32
		{0E2B97D9-E41A-4AFB-8079-023DAB3A4DBC}.Debug|x64.ActiveCfg = Debug|x64
		{0E2B97D9-E41A-4AFB-8079-023DAB3A4DBC}.Debug|x64.Build.0 = Debug|x64
		{0E2B97D9-E41A-4AFB-8079-023DAB3A4DBC}.Debug|x86.ActiveCfg = Debug|Win32
		{0E2B97D9-E41A-4AFB-8079-023DAB3A4DBC}.Debug|x86.Build.0 = Debug|Win32
		{0E2B97D9-E41A-4AFB-8079-023DAB3A4DBC}.Release|x64.ActiveCfg = Release|x64
		{0E2B97D9-E41A-4AFB-8079-023DAB3A4DBC}.Release|x64.Build.0 = Release|x64
		{0E2B97D9-E41A-4AFB-8079-023DAB3A4DBC}.Release|x86.ActiveCfg = Release|Win32
		{0E2B97D9-E41A-4AFB-8079-023DAB3A4DBC}.Release|x86.Build.0 = Release|Win32
		{BCCEDA71-E8F9-4199-9C6F-22F9AB2B630E}.Debug|x64.ActiveCfg = Debug|x64
		{BCCEDA71-E8F9-4199-9C6F-22F9AB2B630E}.Debug|x64.Build.0 = Debug|x64
		{BCCEDA71-E8F9-4199-9C6F-22F9AB2B630E}.Debug|x86.ActiveCfg = Debug|Win32
		{BCCEDA71-E8F9-4199-9C6F-22F9AB2B630E}.Debug|x86.Build.0 = Debug|Win32
		{BCCEDA71-E8F9-4199-9C6F-22F9AB2B630E}.Release|x64.ActiveCfg = Release|x64
		{BCCEDA71-E8F9-4199-9C6F-22F9AB2B630E}.Release|x64.Build.0 = Release|x64
		{BCCEDA71-E8F9-4199-9C6F-22F9AB2B630E}.Release|x86.ActiveCfg = Release|Win32
		{BCCEDA71-E8F9-4199-9C6F-22F9AB2B630E}.Release|x86.Build.0 = Release|Win32
	EndGlobalSection
	GlobalSection(SolutionProperties) = preSolution
		HideSolutionNode = FALSE
	EndGlobalSection
	GlobalSection(ExtensibilityGlobals) = postSolution
		SolutionGuid = {2FB30227-1299-4EB1-BB84-38A4131EE427}
	EndGlobalSection
EndGlobal
