
Microsoft Visual Studio Solution File, Format Version 12.00
# Visual Studio 15
VisualStudioVersion = 15.0.27428.2005
MinimumVisualStudioVersion = 10.0.40219.1
Project("{8BC9CEB8-8B4A-11D0-8D11-00A0C91BC942}") = "Exam06_01", "Exam06_01\Exam06_01.vcxproj", "{50546751-9D92-4A62-A4E9-6E1C6AFCF7A1}"
EndProject
Project("{8BC9CEB8-8B4A-11D0-8D11-00A0C91BC942}") = "Exam06_02", "Exam06_02\Exam06_02.vcxproj", "{D27DDAC9-1735-476D-AB5B-670CA9FAD87D}"
EndProject
Project("{8BC9CEB8-8B4A-11D0-8D11-00A0C91BC942}") = "Exam06_03", "Exam06_03\Exam06_03.vcxproj", "{9D41E22E-F935-4976-8EAF-44F9B88E37CA}"
EndProject
Project("{8BC9CEB8-8B4A-11D0-8D11-00A0C91BC942}") = "Exam06_04", "Exam06_04\Exam06_04.vcxproj", "{DA4D8933-6A84-4DB5-A979-7A154BB329A5}"
EndProject
Project("{8BC9CEB8-8B4A-11D0-8D11-00A0C91BC942}") = "Exam06_05", "Exam06_05\Exam06_05.vcxproj", "{7CAC2617-BA2E-441D-B9CA-13C33DAF0A2E}"
EndProject
Project("{8BC9CEB8-8B4A-11D0-8D11-00A0C91BC942}") = "Exam06_06", "Exam06_06\Exam06_06.vcxproj", "{CD910341-4EC2-41F9-B47C-33C2017FE606}"
EndProject
Project("{8BC9CEB8-8B4A-11D0-8D11-00A0C91BC942}") = "Exam06_07", "Exam06_07\Exam06_07.vcxproj", "{00F514FE-CCCD-4E31-849D-2196F2A750EB}"
EndProject
Project("{8BC9CEB8-8B4A-11D0-8D11-00A0C91BC942}") = "Exam06_08", "Exam06_08\Exam06_08.vcxproj", "{62F9033F-4C65-4BCC-AFBD-48E5FF55FE73}"
EndProject
Project("{8BC9CEB8-8B4A-11D0-8D11-00A0C91BC942}") = "Exam06_09", "Exam06_09\Exam06_09.vcxproj", "{38A54DCD-A865-4D8C-AA7A-59512DAD6BC0}"
EndProject
Project("{8BC9CEB8-8B4A-11D0-8D11-00A0C91BC942}") = "Exam06_10", "Exam06_10\Exam06_10.vcxproj", "{03B5B237-0E24-479F-AB5D-9EDE0CB1C21A}"
EndProject
Project("{8BC9CEB8-8B4A-11D0-8D11-00A0C91BC942}") = "Exam06_11", "Exam06_11\Exam06_11.vcxproj", "{40E2B9BF-A723-48FD-9D0A-7E69FAF7A219}"
EndProject
Global
	GlobalSection(SolutionConfigurationPlatforms) = preSolution
		Debug|x64 = Debug|x64
		Debug|x86 = Debug|x86
		Release|x64 = Release|x64
		Release|x86 = Release|x86
	EndGlobalSection
	GlobalSection(ProjectConfigurationPlatforms) = postSolution
		{50546751-9D92-4A62-A4E9-6E1C6AFCF7A1}.Debug|x64.ActiveCfg = Debug|x64
		{50546751-9D92-4A62-A4E9-6E1C6AFCF7A1}.Debug|x64.Build.0 = Debug|x64
		{50546751-9D92-4A62-A4E9-6E1C6AFCF7A1}.Debug|x86.ActiveCfg = Debug|Win32
		{50546751-9D92-4A62-A4E9-6E1C6AFCF7A1}.Debug|x86.Build.0 = Debug|Win32
		{50546751-9D92-4A62-A4E9-6E1C6AFCF7A1}.Release|x64.ActiveCfg = Release|x64
		{50546751-9D92-4A62-A4E9-6E1C6AFCF7A1}.Release|x64.Build.0 = Release|x64
		{50546751-9D92-4A62-A4E9-6E1C6AFCF7A1}.Release|x86.ActiveCfg = Release|Win32
		{50546751-9D92-4A62-A4E9-6E1C6AFCF7A1}.Release|x86.Build.0 = Release|Win32
		{D27DDAC9-1735-476D-AB5B-670CA9FAD87D}.Debug|x64.ActiveCfg = Debug|x64
		{D27DDAC9-1735-476D-AB5B-670CA9FAD87D}.Debug|x64.Build.0 = Debug|x64
		{D27DDAC9-1735-476D-AB5B-670CA9FAD87D}.Debug|x86.ActiveCfg = Debug|Win32
		{D27DDAC9-1735-476D-AB5B-670CA9FAD87D}.Debug|x86.Build.0 = Debug|Win32
		{D27DDAC9-1735-476D-AB5B-670CA9FAD87D}.Release|x64.ActiveCfg = Release|x64
		{D27DDAC9-1735-476D-AB5B-670CA9FAD87D}.Release|x64.Build.0 = Release|x64
		{D27DDAC9-1735-476D-AB5B-670CA9FAD87D}.Release|x86.ActiveCfg = Release|Win32
		{D27DDAC9-1735-476D-AB5B-670CA9FAD87D}.Release|x86.Build.0 = Release|Win32
		{9D41E22E-F935-4976-8EAF-44F9B88E37CA}.Debug|x64.ActiveCfg = Debug|x64
		{9D41E22E-F935-4976-8EAF-44F9B88E37CA}.Debug|x64.Build.0 = Debug|x64
		{9D41E22E-F935-4976-8EAF-44F9B88E37CA}.Debug|x86.ActiveCfg = Debug|Win32
		{9D41E22E-F935-4976-8EAF-44F9B88E37CA}.Debug|x86.Build.0 = Debug|Win32
		{9D41E22E-F935-4976-8EAF-44F9B88E37CA}.Release|x64.ActiveCfg = Release|x64
		{9D41E22E-F935-4976-8EAF-44F9B88E37CA}.Release|x64.Build.0 = Release|x64
		{9D41E22E-F935-4976-8EAF-44F9B88E37CA}.Release|x86.ActiveCfg = Release|Win32
		{9D41E22E-F935-4976-8EAF-44F9B88E37CA}.Release|x86.Build.0 = Release|Win32
		{DA4D8933-6A84-4DB5-A979-7A154BB329A5}.Debug|x64.ActiveCfg = Debug|x64
		{DA4D8933-6A84-4DB5-A979-7A154BB329A5}.Debug|x64.Build.0 = Debug|x64
		{DA4D8933-6A84-4DB5-A979-7A154BB329A5}.Debug|x86.ActiveCfg = Debug|Win32
		{DA4D8933-6A84-4DB5-A979-7A154BB329A5}.Debug|x86.Build.0 = Debug|Win32
		{DA4D8933-6A84-4DB5-A979-7A154BB329A5}.Release|x64.ActiveCfg = Release|x64
		{DA4D8933-6A84-4DB5-A979-7A154BB329A5}.Release|x64.Build.0 = Release|x64
		{DA4D8933-6A84-4DB5-A979-7A154BB329A5}.Release|x86.ActiveCfg = Release|Win32
		{DA4D8933-6A84-4DB5-A979-7A154BB329A5}.Release|x86.Build.0 = Release|Win32
		{7CAC2617-BA2E-441D-B9CA-13C33DAF0A2E}.Debug|x64.ActiveCfg = Debug|x64
		{7CAC2617-BA2E-441D-B9CA-13C33DAF0A2E}.Debug|x64.Build.0 = Debug|x64
		{7CAC2617-BA2E-441D-B9CA-13C33DAF0A2E}.Debug|x86.ActiveCfg = Debug|Win32
		{7CAC2617-BA2E-441D-B9CA-13C33DAF0A2E}.Debug|x86.Build.0 = Debug|Win32
		{7CAC2617-BA2E-441D-B9CA-13C33DAF0A2E}.Release|x64.ActiveCfg = Release|x64
		{7CAC2617-BA2E-441D-B9CA-13C33DAF0A2E}.Release|x64.Build.0 = Release|x64
		{7CAC2617-BA2E-441D-B9CA-13C33DAF0A2E}.Release|x86.ActiveCfg = Release|Win32
		{7CAC2617-BA2E-441D-B9CA-13C33DAF0A2E}.Release|x86.Build.0 = Release|Win32
		{CD910341-4EC2-41F9-B47C-33C2017FE606}.Debug|x64.ActiveCfg = Debug|x64
		{CD910341-4EC2-41F9-B47C-33C2017FE606}.Debug|x64.Build.0 = Debug|x64
		{CD910341-4EC2-41F9-B47C-33C2017FE606}.Debug|x86.ActiveCfg = Debug|Win32
		{CD910341-4EC2-41F9-B47C-33C2017FE606}.Debug|x86.Build.0 = Debug|Win32
		{CD910341-4EC2-41F9-B47C-33C2017FE606}.Release|x64.ActiveCfg = Release|x64
		{CD910341-4EC2-41F9-B47C-33C2017FE606}.Release|x64.Build.0 = Release|x64
		{CD910341-4EC2-41F9-B47C-33C2017FE606}.Release|x86.ActiveCfg = Release|Win32
		{CD910341-4EC2-41F9-B47C-33C2017FE606}.Release|x86.Build.0 = Release|Win32
		{00F514FE-CCCD-4E31-849D-2196F2A750EB}.Debug|x64.ActiveCfg = Debug|x64
		{00F514FE-CCCD-4E31-849D-2196F2A750EB}.Debug|x64.Build.0 = Debug|x64
		{00F514FE-CCCD-4E31-849D-2196F2A750EB}.Debug|x86.ActiveCfg = Debug|Win32
		{00F514FE-CCCD-4E31-849D-2196F2A750EB}.Debug|x86.Build.0 = Debug|Win32
		{00F514FE-CCCD-4E31-849D-2196F2A750EB}.Release|x64.ActiveCfg = Release|x64
		{00F514FE-CCCD-4E31-849D-2196F2A750EB}.Release|x64.Build.0 = Release|x64
		{00F514FE-CCCD-4E31-849D-2196F2A750EB}.Release|x86.ActiveCfg = Release|Win32
		{00F514FE-CCCD-4E31-849D-2196F2A750EB}.Release|x86.Build.0 = Release|Win32
		{62F9033F-4C65-4BCC-AFBD-48E5FF55FE73}.Debug|x64.ActiveCfg = Debug|x64
		{62F9033F-4C65-4BCC-AFBD-48E5FF55FE73}.Debug|x64.Build.0 = Debug|x64
		{62F9033F-4C65-4BCC-AFBD-48E5FF55FE73}.Debug|x86.ActiveCfg = Debug|Win32
		{62F9033F-4C65-4BCC-AFBD-48E5FF55FE73}.Debug|x86.Build.0 = Debug|Win32
		{62F9033F-4C65-4BCC-AFBD-48E5FF55FE73}.Release|x64.ActiveCfg = Release|x64
		{62F9033F-4C65-4BCC-AFBD-48E5FF55FE73}.Release|x64.Build.0 = Release|x64
		{62F9033F-4C65-4BCC-AFBD-48E5FF55FE73}.Release|x86.ActiveCfg = Release|Win32
		{62F9033F-4C65-4BCC-AFBD-48E5FF55FE73}.Release|x86.Build.0 = Release|Win32
		{38A54DCD-A865-4D8C-AA7A-59512DAD6BC0}.Debug|x64.ActiveCfg = Debug|x64
		{38A54DCD-A865-4D8C-AA7A-59512DAD6BC0}.Debug|x64.Build.0 = Debug|x64
		{38A54DCD-A865-4D8C-AA7A-59512DAD6BC0}.Debug|x86.ActiveCfg = Debug|Win32
		{38A54DCD-A865-4D8C-AA7A-59512DAD6BC0}.Debug|x86.Build.0 = Debug|Win32
		{38A54DCD-A865-4D8C-AA7A-59512DAD6BC0}.Release|x64.ActiveCfg = Release|x64
		{38A54DCD-A865-4D8C-AA7A-59512DAD6BC0}.Release|x64.Build.0 = Release|x64
		{38A54DCD-A865-4D8C-AA7A-59512DAD6BC0}.Release|x86.ActiveCfg = Release|Win32
		{38A54DCD-A865-4D8C-AA7A-59512DAD6BC0}.Release|x86.Build.0 = Release|Win32
		{03B5B237-0E24-479F-AB5D-9EDE0CB1C21A}.Debug|x64.ActiveCfg = Debug|x64
		{03B5B237-0E24-479F-AB5D-9EDE0CB1C21A}.Debug|x64.Build.0 = Debug|x64
		{03B5B237-0E24-479F-AB5D-9EDE0CB1C21A}.Debug|x86.ActiveCfg = Debug|Win32
		{03B5B237-0E24-479F-AB5D-9EDE0CB1C21A}.Debug|x86.Build.0 = Debug|Win32
		{03B5B237-0E24-479F-AB5D-9EDE0CB1C21A}.Release|x64.ActiveCfg = Release|x64
		{03B5B237-0E24-479F-AB5D-9EDE0CB1C21A}.Release|x64.Build.0 = Release|x64
		{03B5B237-0E24-479F-AB5D-9EDE0CB1C21A}.Release|x86.ActiveCfg = Release|Win32
		{03B5B237-0E24-479F-AB5D-9EDE0CB1C21A}.Release|x86.Build.0 = Release|Win32
		{40E2B9BF-A723-48FD-9D0A-7E69FAF7A219}.Debug|x64.ActiveCfg = Debug|x64
		{40E2B9BF-A723-48FD-9D0A-7E69FAF7A219}.Debug|x64.Build.0 = Debug|x64
		{40E2B9BF-A723-48FD-9D0A-7E69FAF7A219}.Debug|x86.ActiveCfg = Debug|Win32
		{40E2B9BF-A723-48FD-9D0A-7E69FAF7A219}.Debug|x86.Build.0 = Debug|Win32
		{40E2B9BF-A723-48FD-9D0A-7E69FAF7A219}.Release|x64.ActiveCfg = Release|x64
		{40E2B9BF-A723-48FD-9D0A-7E69FAF7A219}.Release|x64.Build.0 = Release|x64
		{40E2B9BF-A723-48FD-9D0A-7E69FAF7A219}.Release|x86.ActiveCfg = Release|Win32
		{40E2B9BF-A723-48FD-9D0A-7E69FAF7A219}.Release|x86.Build.0 = Release|Win32
	EndGlobalSection
	GlobalSection(SolutionProperties) = preSolution
		HideSolutionNode = FALSE
	EndGlobalSection
	GlobalSection(ExtensibilityGlobals) = postSolution
		SolutionGuid = {AD7F8244-8DBA-47B2-8751-47B7131D2520}
	EndGlobalSection
EndGlobal
