
Microsoft Visual Studio Solution File, Format Version 12.00
# Visual Studio 15
VisualStudioVersion = 15.0.27428.2005
MinimumVisualStudioVersion = 10.0.40219.1
Project("{8BC9CEB8-8B4A-11D0-8D11-00A0C91BC942}") = "Exam05_01", "Exam05_01\Exam05_01.vcxproj", "{5BE3B76E-1757-48E0-934D-4568A6974F6E}"
EndProject
Project("{8BC9CEB8-8B4A-11D0-8D11-00A0C91BC942}") = "Exam05_02", "Exam05_02\Exam05_02.vcxproj", "{C572B56B-C8C4-48CF-89A3-EFFCF75121B2}"
EndProject
Project("{8BC9CEB8-8B4A-11D0-8D11-00A0C91BC942}") = "Exam05_03", "Exam05_03\Exam05_03.vcxproj", "{C8E3DCE8-D0A2-4754-8C59-5817276D1316}"
EndProject
Project("{8BC9CEB8-8B4A-11D0-8D11-00A0C91BC942}") = "Exam05_04", "Exam05_04\Exam05_04.vcxproj", "{8FA08671-8E22-47EC-903A-1405D1046553}"
EndProject
Project("{8BC9CEB8-8B4A-11D0-8D11-00A0C91BC942}") = "Exam05_05", "Exam05_05\Exam05_05.vcxproj", "{C2882403-4D17-4CC4-A42A-21E2177CFC75}"
EndProject
Project("{8BC9CEB8-8B4A-11D0-8D11-00A0C91BC942}") = "Exam05_06", "Exam05_06\Exam05_06.vcxproj", "{D8913E06-FCC7-4428-9D51-0197F3627B90}"
EndProject
Project("{8BC9CEB8-8B4A-11D0-8D11-00A0C91BC942}") = "Exam05_07", "Exam05_07\Exam05_07.vcxproj", "{A2F7645F-162B-423C-9263-454703CFDB6B}"
EndProject
Project("{8BC9CEB8-8B4A-11D0-8D11-00A0C91BC942}") = "Exam05_08", "Exam05_08\Exam05_08.vcxproj", "{3BEF7DD7-6B4F-42BC-BD5D-8DF203C0C52A}"
EndProject
Project("{8BC9CEB8-8B4A-11D0-8D11-00A0C91BC942}") = "Exam05_09", "Exam05_09\Exam05_09.vcxproj", "{408A0133-E57F-4A04-9C1E-30BAF7F8FD28}"
EndProject
Project("{8BC9CEB8-8B4A-11D0-8D11-00A0C91BC942}") = "Exam05_10", "Exam05_10\Exam05_10.vcxproj", "{CC966635-408E-4F2C-ACD9-8165EB49F454}"
EndProject
Project("{8BC9CEB8-8B4A-11D0-8D11-00A0C91BC942}") = "Exam05_11", "Exam05_11\Exam05_11.vcxproj", "{E310B745-6717-4135-A8E6-648C81BE29DA}"
EndProject
Project("{8BC9CEB8-8B4A-11D0-8D11-00A0C91BC942}") = "Exam05_12", "Exam05_12\Exam05_12.vcxproj", "{A603A464-2880-4AFA-AAA6-5FA94F3521CF}"
EndProject
Global
	GlobalSection(SolutionConfigurationPlatforms) = preSolution
		Debug|x64 = Debug|x64
		Debug|x86 = Debug|x86
		Release|x64 = Release|x64
		Release|x86 = Release|x86
	EndGlobalSection
	GlobalSection(ProjectConfigurationPlatforms) = postSolution
		{5BE3B76E-1757-48E0-934D-4568A6974F6E}.Debug|x64.ActiveCfg = Debug|x64
		{5BE3B76E-1757-48E0-934D-4568A6974F6E}.Debug|x64.Build.0 = Debug|x64
		{5BE3B76E-1757-48E0-934D-4568A6974F6E}.Debug|x86.ActiveCfg = Debug|Win32
		{5BE3B76E-1757-48E0-934D-4568A6974F6E}.Debug|x86.Build.0 = Debug|Win32
		{5BE3B76E-1757-48E0-934D-4568A6974F6E}.Release|x64.ActiveCfg = Release|x64
		{5BE3B76E-1757-48E0-934D-4568A6974F6E}.Release|x64.Build.0 = Release|x64
		{5BE3B76E-1757-48E0-934D-4568A6974F6E}.Release|x86.ActiveCfg = Release|Win32
		{5BE3B76E-1757-48E0-934D-4568A6974F6E}.Release|x86.Build.0 = Release|Win32
		{C572B56B-C8C4-48CF-89A3-EFFCF75121B2}.Debug|x64.ActiveCfg = Debug|x64
		{C572B56B-C8C4-48CF-89A3-EFFCF75121B2}.Debug|x64.Build.0 = Debug|x64
		{C572B56B-C8C4-48CF-89A3-EFFCF75121B2}.Debug|x86.ActiveCfg = Debug|Win32
		{C572B56B-C8C4-48CF-89A3-EFFCF75121B2}.Debug|x86.Build.0 = Debug|Win32
		{C572B56B-C8C4-48CF-89A3-EFFCF75121B2}.Release|x64.ActiveCfg = Release|x64
		{C572B56B-C8C4-48CF-89A3-EFFCF75121B2}.Release|x64.Build.0 = Release|x64
		{C572B56B-C8C4-48CF-89A3-EFFCF75121B2}.Release|x86.ActiveCfg = Release|Win32
		{C572B56B-C8C4-48CF-89A3-EFFCF75121B2}.Release|x86.Build.0 = Release|Win32
		{C8E3DCE8-D0A2-4754-8C59-5817276D1316}.Debug|x64.ActiveCfg = Debug|x64
		{C8E3DCE8-D0A2-4754-8C59-5817276D1316}.Debug|x64.Build.0 = Debug|x64
		{C8E3DCE8-D0A2-4754-8C59-5817276D1316}.Debug|x86.ActiveCfg = Debug|Win32
		{C8E3DCE8-D0A2-4754-8C59-5817276D1316}.Debug|x86.Build.0 = Debug|Win32
		{C8E3DCE8-D0A2-4754-8C59-5817276D1316}.Release|x64.ActiveCfg = Release|x64
		{C8E3DCE8-D0A2-4754-8C59-5817276D1316}.Release|x64.Build.0 = Release|x64
		{C8E3DCE8-D0A2-4754-8C59-5817276D1316}.Release|x86.ActiveCfg = Release|Win32
		{C8E3DCE8-D0A2-4754-8C59-5817276D1316}.Release|x86.Build.0 = Release|Win32
		{8FA08671-8E22-47EC-903A-1405D1046553}.Debug|x64.ActiveCfg = Debug|x64
		{8FA08671-8E22-47EC-903A-1405D1046553}.Debug|x64.Build.0 = Debug|x64
		{8FA08671-8E22-47EC-903A-1405D1046553}.Debug|x86.ActiveCfg = Debug|Win32
		{8FA08671-8E22-47EC-903A-1405D1046553}.Debug|x86.Build.0 = Debug|Win32
		{8FA08671-8E22-47EC-903A-1405D1046553}.Release|x64.ActiveCfg = Release|x64
		{8FA08671-8E22-47EC-903A-1405D1046553}.Release|x64.Build.0 = Release|x64
		{8FA08671-8E22-47EC-903A-1405D1046553}.Release|x86.ActiveCfg = Release|Win32
		{8FA08671-8E22-47EC-903A-1405D1046553}.Release|x86.Build.0 = Release|Win32
		{C2882403-4D17-4CC4-A42A-21E2177CFC75}.Debug|x64.ActiveCfg = Debug|x64
		{C2882403-4D17-4CC4-A42A-21E2177CFC75}.Debug|x64.Build.0 = Debug|x64
		{C2882403-4D17-4CC4-A42A-21E2177CFC75}.Debug|x86.ActiveCfg = Debug|Win32
		{C2882403-4D17-4CC4-A42A-21E2177CFC75}.Debug|x86.Build.0 = Debug|Win32
		{C2882403-4D17-4CC4-A42A-21E2177CFC75}.Release|x64.ActiveCfg = Release|x64
		{C2882403-4D17-4CC4-A42A-21E2177CFC75}.Release|x64.Build.0 = Release|x64
		{C2882403-4D17-4CC4-A42A-21E2177CFC75}.Release|x86.ActiveCfg = Release|Win32
		{C2882403-4D17-4CC4-A42A-21E2177CFC75}.Release|x86.Build.0 = Release|Win32
		{D8913E06-FCC7-4428-9D51-0197F3627B90}.Debug|x64.ActiveCfg = Debug|x64
		{D8913E06-FCC7-4428-9D51-0197F3627B90}.Debug|x64.Build.0 = Debug|x64
		{D8913E06-FCC7-4428-9D51-0197F3627B90}.Debug|x86.ActiveCfg = Debug|Win32
		{D8913E06-FCC7-4428-9D51-0197F3627B90}.Debug|x86.Build.0 = Debug|Win32
		{D8913E06-FCC7-4428-9D51-0197F3627B90}.Release|x64.ActiveCfg = Release|x64
		{D8913E06-FCC7-4428-9D51-0197F3627B90}.Release|x64.Build.0 = Release|x64
		{D8913E06-FCC7-4428-9D51-0197F3627B90}.Release|x86.ActiveCfg = Release|Win32
		{D8913E06-FCC7-4428-9D51-0197F3627B90}.Release|x86.Build.0 = Release|Win32
		{A2F7645F-162B-423C-9263-454703CFDB6B}.Debug|x64.ActiveCfg = Debug|x64
		{A2F7645F-162B-423C-9263-454703CFDB6B}.Debug|x64.Build.0 = Debug|x64
		{A2F7645F-162B-423C-9263-454703CFDB6B}.Debug|x86.ActiveCfg = Debug|Win32
		{A2F7645F-162B-423C-9263-454703CFDB6B}.Debug|x86.Build.0 = Debug|Win32
		{A2F7645F-162B-423C-9263-454703CFDB6B}.Release|x64.ActiveCfg = Release|x64
		{A2F7645F-162B-423C-9263-454703CFDB6B}.Release|x64.Build.0 = Release|x64
		{A2F7645F-162B-423C-9263-454703CFDB6B}.Release|x86.ActiveCfg = Release|Win32
		{A2F7645F-162B-423C-9263-454703CFDB6B}.Release|x86.Build.0 = Release|Win32
		{3BEF7DD7-6B4F-42BC-BD5D-8DF203C0C52A}.Debug|x64.ActiveCfg = Debug|x64
		{3BEF7DD7-6B4F-42BC-BD5D-8DF203C0C52A}.Debug|x64.Build.0 = Debug|x64
		{3BEF7DD7-6B4F-42BC-BD5D-8DF203C0C52A}.Debug|x86.ActiveCfg = Debug|Win32
		{3BEF7DD7-6B4F-42BC-BD5D-8DF203C0C52A}.Debug|x86.Build.0 = Debug|Win32
		{3BEF7DD7-6B4F-42BC-BD5D-8DF203C0C52A}.Release|x64.ActiveCfg = Release|x64
		{3BEF7DD7-6B4F-42BC-BD5D-8DF203C0C52A}.Release|x64.Build.0 = Release|x64
		{3BEF7DD7-6B4F-42BC-BD5D-8DF203C0C52A}.Release|x86.ActiveCfg = Release|Win32
		{3BEF7DD7-6B4F-42BC-BD5D-8DF203C0C52A}.Release|x86.Build.0 = Release|Win32
		{408A0133-E57F-4A04-9C1E-30BAF7F8FD28}.Debug|x64.ActiveCfg = Debug|x64
		{408A0133-E57F-4A04-9C1E-30BAF7F8FD28}.Debug|x64.Build.0 = Debug|x64
		{408A0133-E57F-4A04-9C1E-30BAF7F8FD28}.Debug|x86.ActiveCfg = Debug|Win32
		{408A0133-E57F-4A04-9C1E-30BAF7F8FD28}.Debug|x86.Build.0 = Debug|Win32
		{408A0133-E57F-4A04-9C1E-30BAF7F8FD28}.Release|x64.ActiveCfg = Release|x64
		{408A0133-E57F-4A04-9C1E-30BAF7F8FD28}.Release|x64.Build.0 = Release|x64
		{408A0133-E57F-4A04-9C1E-30BAF7F8FD28}.Release|x86.ActiveCfg = Release|Win32
		{408A0133-E57F-4A04-9C1E-30BAF7F8FD28}.Release|x86.Build.0 = Release|Win32
		{CC966635-408E-4F2C-ACD9-8165EB49F454}.Debug|x64.ActiveCfg = Debug|x64
		{CC966635-408E-4F2C-ACD9-8165EB49F454}.Debug|x64.Build.0 = Debug|x64
		{CC966635-408E-4F2C-ACD9-8165EB49F454}.Debug|x86.ActiveCfg = Debug|Win32
		{CC966635-408E-4F2C-ACD9-8165EB49F454}.Debug|x86.Build.0 = Debug|Win32
		{CC966635-408E-4F2C-ACD9-8165EB49F454}.Release|x64.ActiveCfg = Release|x64
		{CC966635-408E-4F2C-ACD9-8165EB49F454}.Release|x64.Build.0 = Release|x64
		{CC966635-408E-4F2C-ACD9-8165EB49F454}.Release|x86.ActiveCfg = Release|Win32
		{CC966635-408E-4F2C-ACD9-8165EB49F454}.Release|x86.Build.0 = Release|Win32
		{E310B745-6717-4135-A8E6-648C81BE29DA}.Debug|x64.ActiveCfg = Debug|x64
		{E310B745-6717-4135-A8E6-648C81BE29DA}.Debug|x64.Build.0 = Debug|x64
		{E310B745-6717-4135-A8E6-648C81BE29DA}.Debug|x86.ActiveCfg = Debug|Win32
		{E310B745-6717-4135-A8E6-648C81BE29DA}.Debug|x86.Build.0 = Debug|Win32
		{E310B745-6717-4135-A8E6-648C81BE29DA}.Release|x64.ActiveCfg = Release|x64
		{E310B745-6717-4135-A8E6-648C81BE29DA}.Release|x64.Build.0 = Release|x64
		{E310B745-6717-4135-A8E6-648C81BE29DA}.Release|x86.ActiveCfg = Release|Win32
		{E310B745-6717-4135-A8E6-648C81BE29DA}.Release|x86.Build.0 = Release|Win32
		{A603A464-2880-4AFA-AAA6-5FA94F3521CF}.Debug|x64.ActiveCfg = Debug|x64
		{A603A464-2880-4AFA-AAA6-5FA94F3521CF}.Debug|x64.Build.0 = Debug|x64
		{A603A464-2880-4AFA-AAA6-5FA94F3521CF}.Debug|x86.ActiveCfg = Debug|Win32
		{A603A464-2880-4AFA-AAA6-5FA94F3521CF}.Debug|x86.Build.0 = Debug|Win32
		{A603A464-2880-4AFA-AAA6-5FA94F3521CF}.Release|x64.ActiveCfg = Release|x64
		{A603A464-2880-4AFA-AAA6-5FA94F3521CF}.Release|x64.Build.0 = Release|x64
		{A603A464-2880-4AFA-AAA6-5FA94F3521CF}.Release|x86.ActiveCfg = Release|Win32
		{A603A464-2880-4AFA-AAA6-5FA94F3521CF}.Release|x86.Build.0 = Release|Win32
	EndGlobalSection
	GlobalSection(SolutionProperties) = preSolution
		HideSolutionNode = FALSE
	EndGlobalSection
	GlobalSection(ExtensibilityGlobals) = postSolution
		SolutionGuid = {62857582-8043-43C2-94BB-19FDD09EB6A1}
	EndGlobalSection
EndGlobal
