
Microsoft Visual Studio Solution File, Format Version 12.00
# Visual Studio 15
VisualStudioVersion = 15.0.27428.2005
MinimumVisualStudioVersion = 10.0.40219.1
Project("{8BC9CEB8-8B4A-11D0-8D11-00A0C91BC942}") = "Exam13_01", "Exam13_01\Exam13_01.vcxproj", "{F04C8F7C-D152-4B73-A996-FD13EABAF325}"
EndProject
Project("{8BC9CEB8-8B4A-11D0-8D11-00A0C91BC942}") = "Exam13_08", "Exam13_08\Exam13_08.vcxproj", "{BD1C4873-9D75-4D49-9ED3-8D3F33C3AE4A}"
EndProject
Project("{8BC9CEB8-8B4A-11D0-8D11-00A0C91BC942}") = "Exam13_07", "Exam13_07\Exam13_07.vcxproj", "{D20A951A-DA32-451C-B45D-6398E4B91B1A}"
EndProject
Project("{8BC9CEB8-8B4A-11D0-8D11-00A0C91BC942}") = "Exam13_06", "Exam13_06\Exam13_06.vcxproj", "{F707C3F6-9220-4DC1-8DE3-570F857C032F}"
EndProject
Project("{8BC9CEB8-8B4A-11D0-8D11-00A0C91BC942}") = "Exam13_05", "Exam13_05\Exam13_05.vcxproj", "{C72F80AF-7DA8-40A7-ADEC-C4C19123F5CD}"
EndProject
Project("{8BC9CEB8-8B4A-11D0-8D11-00A0C91BC942}") = "Exam13_04", "Exam13_04\Exam13_04.vcxproj", "{D7615638-5B76-4C2A-893B-C00E5581A88A}"
EndProject
Project("{8BC9CEB8-8B4A-11D0-8D11-00A0C91BC942}") = "Exam13_03", "Exam13_03\Exam13_03.vcxproj", "{3B7FA1FA-7066-4AD7-A2C8-8A2BF183E861}"
EndProject
Project("{8BC9CEB8-8B4A-11D0-8D11-00A0C91BC942}") = "Exam13_02", "Exam13_02\Exam13_02.vcxproj", "{34A9BD79-736D-4E5E-BFE3-83B05074C7BA}"
EndProject
Global
	GlobalSection(SolutionConfigurationPlatforms) = preSolution
		Debug|x64 = Debug|x64
		Debug|x86 = Debug|x86
		Release|x64 = Release|x64
		Release|x86 = Release|x86
	EndGlobalSection
	GlobalSection(ProjectConfigurationPlatforms) = postSolution
		{F04C8F7C-D152-4B73-A996-FD13EABAF325}.Debug|x64.ActiveCfg = Debug|x64
		{F04C8F7C-D152-4B73-A996-FD13EABAF325}.Debug|x64.Build.0 = Debug|x64
		{F04C8F7C-D152-4B73-A996-FD13EABAF325}.Debug|x86.ActiveCfg = Debug|Win32
		{F04C8F7C-D152-4B73-A996-FD13EABAF325}.Debug|x86.Build.0 = Debug|Win32
		{F04C8F7C-D152-4B73-A996-FD13EABAF325}.Release|x64.ActiveCfg = Release|x64
		{F04C8F7C-D152-4B73-A996-FD13EABAF325}.Release|x64.Build.0 = Release|x64
		{F04C8F7C-D152-4B73-A996-FD13EABAF325}.Release|x86.ActiveCfg = Release|Win32
		{F04C8F7C-D152-4B73-A996-FD13EABAF325}.Release|x86.Build.0 = Release|Win32
		{BD1C4873-9D75-4D49-9ED3-8D3F33C3AE4A}.Debug|x64.ActiveCfg = Debug|x64
		{BD1C4873-9D75-4D49-9ED3-8D3F33C3AE4A}.Debug|x64.Build.0 = Debug|x64
		{BD1C4873-9D75-4D49-9ED3-8D3F33C3AE4A}.Debug|x86.ActiveCfg = Debug|Win32
		{BD1C4873-9D75-4D49-9ED3-8D3F33C3AE4A}.Debug|x86.Build.0 = Debug|Win32
		{BD1C4873-9D75-4D49-9ED3-8D3F33C3AE4A}.Release|x64.ActiveCfg = Release|x64
		{BD1C4873-9D75-4D49-9ED3-8D3F33C3AE4A}.Release|x64.Build.0 = Release|x64
		{BD1C4873-9D75-4D49-9ED3-8D3F33C3AE4A}.Release|x86.ActiveCfg = Release|Win32
		{BD1C4873-9D75-4D49-9ED3-8D3F33C3AE4A}.Release|x86.Build.0 = Release|Win32
		{D20A951A-DA32-451C-B45D-6398E4B91B1A}.Debug|x64.ActiveCfg = Debug|x64
		{D20A951A-DA32-451C-B45D-6398E4B91B1A}.Debug|x64.Build.0 = Debug|x64
		{D20A951A-DA32-451C-B45D-6398E4B91B1A}.Debug|x86.ActiveCfg = Debug|Win32
		{D20A951A-DA32-451C-B45D-6398E4B91B1A}.Debug|x86.Build.0 = Debug|Win32
		{D20A951A-DA32-451C-B45D-6398E4B91B1A}.Release|x64.ActiveCfg = Release|x64
		{D20A951A-DA32-451C-B45D-6398E4B91B1A}.Release|x64.Build.0 = Release|x64
		{D20A951A-DA32-451C-B45D-6398E4B91B1A}.Release|x86.ActiveCfg = Release|Win32
		{D20A951A-DA32-451C-B45D-6398E4B91B1A}.Release|x86.Build.0 = Release|Win32
		{F707C3F6-9220-4DC1-8DE3-570F857C032F}.Debug|x64.ActiveCfg = Debug|x64
		{F707C3F6-9220-4DC1-8DE3-570F857C032F}.Debug|x64.Build.0 = Debug|x64
		{F707C3F6-9220-4DC1-8DE3-570F857C032F}.Debug|x86.ActiveCfg = Debug|Win32
		{F707C3F6-9220-4DC1-8DE3-570F857C032F}.Debug|x86.Build.0 = Debug|Win32
		{F707C3F6-9220-4DC1-8DE3-570F857C032F}.Release|x64.ActiveCfg = Release|x64
		{F707C3F6-9220-4DC1-8DE3-570F857C032F}.Release|x64.Build.0 = Release|x64
		{F707C3F6-9220-4DC1-8DE3-570F857C032F}.Release|x86.ActiveCfg = Release|Win32
		{F707C3F6-9220-4DC1-8DE3-570F857C032F}.Release|x86.Build.0 = Release|Win32
		{C72F80AF-7DA8-40A7-ADEC-C4C19123F5CD}.Debug|x64.ActiveCfg = Debug|x64
		{C72F80AF-7DA8-40A7-ADEC-C4C19123F5CD}.Debug|x64.Build.0 = Debug|x64
		{C72F80AF-7DA8-40A7-ADEC-C4C19123F5CD}.Debug|x86.ActiveCfg = Debug|Win32
		{C72F80AF-7DA8-40A7-ADEC-C4C19123F5CD}.Debug|x86.Build.0 = Debug|Win32
		{C72F80AF-7DA8-40A7-ADEC-C4C19123F5CD}.Release|x64.ActiveCfg = Release|x64
		{C72F80AF-7DA8-40A7-ADEC-C4C19123F5CD}.Release|x64.Build.0 = Release|x64
		{C72F80AF-7DA8-40A7-ADEC-C4C19123F5CD}.Release|x86.ActiveCfg = Release|Win32
		{C72F80AF-7DA8-40A7-ADEC-C4C19123F5CD}.Release|x86.Build.0 = Release|Win32
		{D7615638-5B76-4C2A-893B-C00E5581A88A}.Debug|x64.ActiveCfg = Debug|x64
		{D7615638-5B76-4C2A-893B-C00E5581A88A}.Debug|x64.Build.0 = Debug|x64
		{D7615638-5B76-4C2A-893B-C00E5581A88A}.Debug|x86.ActiveCfg = Debug|Win32
		{D7615638-5B76-4C2A-893B-C00E5581A88A}.Debug|x86.Build.0 = Debug|Win32
		{D7615638-5B76-4C2A-893B-C00E5581A88A}.Release|x64.ActiveCfg = Release|x64
		{D7615638-5B76-4C2A-893B-C00E5581A88A}.Release|x64.Build.0 = Release|x64
		{D7615638-5B76-4C2A-893B-C00E5581A88A}.Release|x86.ActiveCfg = Release|Win32
		{D7615638-5B76-4C2A-893B-C00E5581A88A}.Release|x86.Build.0 = Release|Win32
		{3B7FA1FA-7066-4AD7-A2C8-8A2BF183E861}.Debug|x64.ActiveCfg = Debug|x64
		{3B7FA1FA-7066-4AD7-A2C8-8A2BF183E861}.Debug|x64.Build.0 = Debug|x64
		{3B7FA1FA-7066-4AD7-A2C8-8A2BF183E861}.Debug|x86.ActiveCfg = Debug|Win32
		{3B7FA1FA-7066-4AD7-A2C8-8A2BF183E861}.Debug|x86.Build.0 = Debug|Win32
		{3B7FA1FA-7066-4AD7-A2C8-8A2BF183E861}.Release|x64.ActiveCfg = Release|x64
		{3B7FA1FA-7066-4AD7-A2C8-8A2BF183E861}.Release|x64.Build.0 = Release|x64
		{3B7FA1FA-7066-4AD7-A2C8-8A2BF183E861}.Release|x86.ActiveCfg = Release|Win32
		{3B7FA1FA-7066-4AD7-A2C8-8A2BF183E861}.Release|x86.Build.0 = Release|Win32
		{34A9BD79-736D-4E5E-BFE3-83B05074C7BA}.Debug|x64.ActiveCfg = Debug|x64
		{34A9BD79-736D-4E5E-BFE3-83B05074C7BA}.Debug|x64.Build.0 = Debug|x64
		{34A9BD79-736D-4E5E-BFE3-83B05074C7BA}.Debug|x86.ActiveCfg = Debug|Win32
		{34A9BD79-736D-4E5E-BFE3-83B05074C7BA}.Debug|x86.Build.0 = Debug|Win32
		{34A9BD79-736D-4E5E-BFE3-83B05074C7BA}.Release|x64.ActiveCfg = Release|x64
		{34A9BD79-736D-4E5E-BFE3-83B05074C7BA}.Release|x64.Build.0 = Release|x64
		{34A9BD79-736D-4E5E-BFE3-83B05074C7BA}.Release|x86.ActiveCfg = Release|Win32
		{34A9BD79-736D-4E5E-BFE3-83B05074C7BA}.Release|x86.Build.0 = Release|Win32
	EndGlobalSection
	GlobalSection(SolutionProperties) = preSolution
		HideSolutionNode = FALSE
	EndGlobalSection
	GlobalSection(ExtensibilityGlobals) = postSolution
		SolutionGuid = {5111E293-9414-4FB2-B6BE-9F3349C73E82}
	EndGlobalSection
EndGlobal
