
Microsoft Visual Studio Solution File, Format Version 12.00
# Visual Studio 15
VisualStudioVersion = 15.0.27428.2005
MinimumVisualStudioVersion = 10.0.40219.1
Project("{8BC9CEB8-8B4A-11D0-8D11-00A0C91BC942}") = "Exam07_01", "Exam07_01\Exam07_01.vcxproj", "{1E7583AB-A0B6-4C13-99F6-4937E61F51B4}"
EndProject
Project("{8BC9CEB8-8B4A-11D0-8D11-00A0C91BC942}") = "Exam07_02", "Exam07_02\Exam07_02.vcxproj", "{EDACD790-AD10-49D5-B3B8-1713513D9FBA}"
EndProject
Project("{8BC9CEB8-8B4A-11D0-8D11-00A0C91BC942}") = "Exam07_03", "Exam07_03\Exam07_03.vcxproj", "{F3EB8B7B-91FE-49C1-B5F9-9889F659960E}"
EndProject
Project("{8BC9CEB8-8B4A-11D0-8D11-00A0C91BC942}") = "Exam07_04", "Exam07_04\Exam07_04.vcxproj", "{B1638B89-1C93-481C-B2C4-B0632BD47576}"
EndProject
Project("{8BC9CEB8-8B4A-11D0-8D11-00A0C91BC942}") = "Exam07_05", "Exam07_05\Exam07_05.vcxproj", "{D244D659-41DD-4ACF-A2DC-F5834435729B}"
EndProject
Project("{8BC9CEB8-8B4A-11D0-8D11-00A0C91BC942}") = "Exam07_06", "Exam07_06\Exam07_06.vcxproj", "{40E47728-31A3-491C-9CE5-E8F8A072125F}"
EndProject
Project("{8BC9CEB8-8B4A-11D0-8D11-00A0C91BC942}") = "Exam07_07", "Exam07_07\Exam07_07.vcxproj", "{88613ACB-C96D-4CCB-BAFF-143DA8631CB2}"
EndProject
Project("{8BC9CEB8-8B4A-11D0-8D11-00A0C91BC942}") = "Exam07_08", "Exam07_08\Exam07_08.vcxproj", "{3F53280C-D122-4F1D-9A8B-E3B2604C324E}"
EndProject
Project("{8BC9CEB8-8B4A-11D0-8D11-00A0C91BC942}") = "Exam07_09", "Exam07_09\Exam07_09.vcxproj", "{04DB381A-182B-4C79-82FA-6D88AA1DF07D}"
EndProject
Project("{8BC9CEB8-8B4A-11D0-8D11-00A0C91BC942}") = "Exam07_10", "Exam07_10\Exam07_10.vcxproj", "{A39D7019-DDD6-4787-9EE6-399E5B085453}"
EndProject
Project("{8BC9CEB8-8B4A-11D0-8D11-00A0C91BC942}") = "Exam07_11", "Exam07_11\Exam07_11.vcxproj", "{BEDF73D4-9B80-4E60-9B85-776FC39E4794}"
EndProject
Project("{8BC9CEB8-8B4A-11D0-8D11-00A0C91BC942}") = "Exam07_12", "Exam07_12\Exam07_12.vcxproj", "{73685442-0F6F-46F8-BF6B-C21B18E72EB9}"
EndProject
Project("{8BC9CEB8-8B4A-11D0-8D11-00A0C91BC942}") = "Exam07_13", "Exam07_13\Exam07_13.vcxproj", "{CB122CDD-707D-4798-AAF3-7DD54A3DCF3D}"
EndProject
Global
	GlobalSection(SolutionConfigurationPlatforms) = preSolution
		Debug|x64 = Debug|x64
		Debug|x86 = Debug|x86
		Release|x64 = Release|x64
		Release|x86 = Release|x86
	EndGlobalSection
	GlobalSection(ProjectConfigurationPlatforms) = postSolution
		{1E7583AB-A0B6-4C13-99F6-4937E61F51B4}.Debug|x64.ActiveCfg = Debug|x64
		{1E7583AB-A0B6-4C13-99F6-4937E61F51B4}.Debug|x64.Build.0 = Debug|x64
		{1E7583AB-A0B6-4C13-99F6-4937E61F51B4}.Debug|x86.ActiveCfg = Debug|Win32
		{1E7583AB-A0B6-4C13-99F6-4937E61F51B4}.Debug|x86.Build.0 = Debug|Win32
		{1E7583AB-A0B6-4C13-99F6-4937E61F51B4}.Release|x64.ActiveCfg = Release|x64
		{1E7583AB-A0B6-4C13-99F6-4937E61F51B4}.Release|x64.Build.0 = Release|x64
		{1E7583AB-A0B6-4C13-99F6-4937E61F51B4}.Release|x86.ActiveCfg = Release|Win32
		{1E7583AB-A0B6-4C13-99F6-4937E61F51B4}.Release|x86.Build.0 = Release|Win32
		{EDACD790-AD10-49D5-B3B8-1713513D9FBA}.Debug|x64.ActiveCfg = Debug|x64
		{EDACD790-AD10-49D5-B3B8-1713513D9FBA}.Debug|x64.Build.0 = Debug|x64
		{EDACD790-AD10-49D5-B3B8-1713513D9FBA}.Debug|x86.ActiveCfg = Debug|Win32
		{EDACD790-AD10-49D5-B3B8-1713513D9FBA}.Debug|x86.Build.0 = Debug|Win32
		{EDACD790-AD10-49D5-B3B8-1713513D9FBA}.Release|x64.ActiveCfg = Release|x64
		{EDACD790-AD10-49D5-B3B8-1713513D9FBA}.Release|x64.Build.0 = Release|x64
		{EDACD790-AD10-49D5-B3B8-1713513D9FBA}.Release|x86.ActiveCfg = Release|Win32
		{EDACD790-AD10-49D5-B3B8-1713513D9FBA}.Release|x86.Build.0 = Release|Win32
		{F3EB8B7B-91FE-49C1-B5F9-9889F659960E}.Debug|x64.ActiveCfg = Debug|x64
		{F3EB8B7B-91FE-49C1-B5F9-9889F659960E}.Debug|x64.Build.0 = Debug|x64
		{F3EB8B7B-91FE-49C1-B5F9-9889F659960E}.Debug|x86.ActiveCfg = Debug|Win32
		{F3EB8B7B-91FE-49C1-B5F9-9889F659960E}.Debug|x86.Build.0 = Debug|Win32
		{F3EB8B7B-91FE-49C1-B5F9-9889F659960E}.Release|x64.ActiveCfg = Release|x64
		{F3EB8B7B-91FE-49C1-B5F9-9889F659960E}.Release|x64.Build.0 = Release|x64
		{F3EB8B7B-91FE-49C1-B5F9-9889F659960E}.Release|x86.ActiveCfg = Release|Win32
		{F3EB8B7B-91FE-49C1-B5F9-9889F659960E}.Release|x86.Build.0 = Release|Win32
		{B1638B89-1C93-481C-B2C4-B0632BD47576}.Debug|x64.ActiveCfg = Debug|x64
		{B1638B89-1C93-481C-B2C4-B0632BD47576}.Debug|x64.Build.0 = Debug|x64
		{B1638B89-1C93-481C-B2C4-B0632BD47576}.Debug|x86.ActiveCfg = Debug|Win32
		{B1638B89-1C93-481C-B2C4-B0632BD47576}.Debug|x86.Build.0 = Debug|Win32
		{B1638B89-1C93-481C-B2C4-B0632BD47576}.Release|x64.ActiveCfg = Release|x64
		{B1638B89-1C93-481C-B2C4-B0632BD47576}.Release|x64.Build.0 = Release|x64
		{B1638B89-1C93-481C-B2C4-B0632BD47576}.Release|x86.ActiveCfg = Release|Win32
		{B1638B89-1C93-481C-B2C4-B0632BD47576}.Release|x86.Build.0 = Release|Win32
		{D244D659-41DD-4ACF-A2DC-F5834435729B}.Debug|x64.ActiveCfg = Debug|x64
		{D244D659-41DD-4ACF-A2DC-F5834435729B}.Debug|x64.Build.0 = Debug|x64
		{D244D659-41DD-4ACF-A2DC-F5834435729B}.Debug|x86.ActiveCfg = Debug|Win32
		{D244D659-41DD-4ACF-A2DC-F5834435729B}.Debug|x86.Build.0 = Debug|Win32
		{D244D659-41DD-4ACF-A2DC-F5834435729B}.Release|x64.ActiveCfg = Release|x64
		{D244D659-41DD-4ACF-A2DC-F5834435729B}.Release|x64.Build.0 = Release|x64
		{D244D659-41DD-4ACF-A2DC-F5834435729B}.Release|x86.ActiveCfg = Release|Win32
		{D244D659-41DD-4ACF-A2DC-F5834435729B}.Release|x86.Build.0 = Release|Win32
		{40E47728-31A3-491C-9CE5-E8F8A072125F}.Debug|x64.ActiveCfg = Debug|x64
		{40E47728-31A3-491C-9CE5-E8F8A072125F}.Debug|x64.Build.0 = Debug|x64
		{40E47728-31A3-491C-9CE5-E8F8A072125F}.Debug|x86.ActiveCfg = Debug|Win32
		{40E47728-31A3-491C-9CE5-E8F8A072125F}.Debug|x86.Build.0 = Debug|Win32
		{40E47728-31A3-491C-9CE5-E8F8A072125F}.Release|x64.ActiveCfg = Release|x64
		{40E47728-31A3-491C-9CE5-E8F8A072125F}.Release|x64.Build.0 = Release|x64
		{40E47728-31A3-491C-9CE5-E8F8A072125F}.Release|x86.ActiveCfg = Release|Win32
		{40E47728-31A3-491C-9CE5-E8F8A072125F}.Release|x86.Build.0 = Release|Win32
		{88613ACB-C96D-4CCB-BAFF-143DA8631CB2}.Debug|x64.ActiveCfg = Debug|x64
		{88613ACB-C96D-4CCB-BAFF-143DA8631CB2}.Debug|x64.Build.0 = Debug|x64
		{88613ACB-C96D-4CCB-BAFF-143DA8631CB2}.Debug|x86.ActiveCfg = Debug|Win32
		{88613ACB-C96D-4CCB-BAFF-143DA8631CB2}.Debug|x86.Build.0 = Debug|Win32
		{88613ACB-C96D-4CCB-BAFF-143DA8631CB2}.Release|x64.ActiveCfg = Release|x64
		{88613ACB-C96D-4CCB-BAFF-143DA8631CB2}.Release|x64.Build.0 = Release|x64
		{88613ACB-C96D-4CCB-BAFF-143DA8631CB2}.Release|x86.ActiveCfg = Release|Win32
		{88613ACB-C96D-4CCB-BAFF-143DA8631CB2}.Release|x86.Build.0 = Release|Win32
		{3F53280C-D122-4F1D-9A8B-E3B2604C324E}.Debug|x64.ActiveCfg = Debug|x64
		{3F53280C-D122-4F1D-9A8B-E3B2604C324E}.Debug|x64.Build.0 = Debug|x64
		{3F53280C-D122-4F1D-9A8B-E3B2604C324E}.Debug|x86.ActiveCfg = Debug|Win32
		{3F53280C-D122-4F1D-9A8B-E3B2604C324E}.Debug|x86.Build.0 = Debug|Win32
		{3F53280C-D122-4F1D-9A8B-E3B2604C324E}.Release|x64.ActiveCfg = Release|x64
		{3F53280C-D122-4F1D-9A8B-E3B2604C324E}.Release|x64.Build.0 = Release|x64
		{3F53280C-D122-4F1D-9A8B-E3B2604C324E}.Release|x86.ActiveCfg = Release|Win32
		{3F53280C-D122-4F1D-9A8B-E3B2604C324E}.Release|x86.Build.0 = Release|Win32
		{04DB381A-182B-4C79-82FA-6D88AA1DF07D}.Debug|x64.ActiveCfg = Debug|x64
		{04DB381A-182B-4C79-82FA-6D88AA1DF07D}.Debug|x64.Build.0 = Debug|x64
		{04DB381A-182B-4C79-82FA-6D88AA1DF07D}.Debug|x86.ActiveCfg = Debug|Win32
		{04DB381A-182B-4C79-82FA-6D88AA1DF07D}.Debug|x86.Build.0 = Debug|Win32
		{04DB381A-182B-4C79-82FA-6D88AA1DF07D}.Release|x64.ActiveCfg = Release|x64
		{04DB381A-182B-4C79-82FA-6D88AA1DF07D}.Release|x64.Build.0 = Release|x64
		{04DB381A-182B-4C79-82FA-6D88AA1DF07D}.Release|x86.ActiveCfg = Release|Win32
		{04DB381A-182B-4C79-82FA-6D88AA1DF07D}.Release|x86.Build.0 = Release|Win32
		{A39D7019-DDD6-4787-9EE6-399E5B085453}.Debug|x64.ActiveCfg = Debug|x64
		{A39D7019-DDD6-4787-9EE6-399E5B085453}.Debug|x64.Build.0 = Debug|x64
		{A39D7019-DDD6-4787-9EE6-399E5B085453}.Debug|x86.ActiveCfg = Debug|Win32
		{A39D7019-DDD6-4787-9EE6-399E5B085453}.Debug|x86.Build.0 = Debug|Win32
		{A39D7019-DDD6-4787-9EE6-399E5B085453}.Release|x64.ActiveCfg = Release|x64
		{A39D7019-DDD6-4787-9EE6-399E5B085453}.Release|x64.Build.0 = Release|x64
		{A39D7019-DDD6-4787-9EE6-399E5B085453}.Release|x86.ActiveCfg = Release|Win32
		{A39D7019-DDD6-4787-9EE6-399E5B085453}.Release|x86.Build.0 = Release|Win32
		{BEDF73D4-9B80-4E60-9B85-776FC39E4794}.Debug|x64.ActiveCfg = Debug|x64
		{BEDF73D4-9B80-4E60-9B85-776FC39E4794}.Debug|x64.Build.0 = Debug|x64
		{BEDF73D4-9B80-4E60-9B85-776FC39E4794}.Debug|x86.ActiveCfg = Debug|Win32
		{BEDF73D4-9B80-4E60-9B85-776FC39E4794}.Debug|x86.Build.0 = Debug|Win32
		{BEDF73D4-9B80-4E60-9B85-776FC39E4794}.Release|x64.ActiveCfg = Release|x64
		{BEDF73D4-9B80-4E60-9B85-776FC39E4794}.Release|x64.Build.0 = Release|x64
		{BEDF73D4-9B80-4E60-9B85-776FC39E4794}.Release|x86.ActiveCfg = Release|Win32
		{BEDF73D4-9B80-4E60-9B85-776FC39E4794}.Release|x86.Build.0 = Release|Win32
		{73685442-0F6F-46F8-BF6B-C21B18E72EB9}.Debug|x64.ActiveCfg = Debug|x64
		{73685442-0F6F-46F8-BF6B-C21B18E72EB9}.Debug|x64.Build.0 = Debug|x64
		{73685442-0F6F-46F8-BF6B-C21B18E72EB9}.Debug|x86.ActiveCfg = Debug|Win32
		{73685442-0F6F-46F8-BF6B-C21B18E72EB9}.Debug|x86.Build.0 = Debug|Win32
		{73685442-0F6F-46F8-BF6B-C21B18E72EB9}.Release|x64.ActiveCfg = Release|x64
		{73685442-0F6F-46F8-BF6B-C21B18E72EB9}.Release|x64.Build.0 = Release|x64
		{73685442-0F6F-46F8-BF6B-C21B18E72EB9}.Release|x86.ActiveCfg = Release|Win32
		{73685442-0F6F-46F8-BF6B-C21B18E72EB9}.Release|x86.Build.0 = Release|Win32
		{CB122CDD-707D-4798-AAF3-7DD54A3DCF3D}.Debug|x64.ActiveCfg = Debug|x64
		{CB122CDD-707D-4798-AAF3-7DD54A3DCF3D}.Debug|x64.Build.0 = Debug|x64
		{CB122CDD-707D-4798-AAF3-7DD54A3DCF3D}.Debug|x86.ActiveCfg = Debug|Win32
		{CB122CDD-707D-4798-AAF3-7DD54A3DCF3D}.Debug|x86.Build.0 = Debug|Win32
		{CB122CDD-707D-4798-AAF3-7DD54A3DCF3D}.Release|x64.ActiveCfg = Release|x64
		{CB122CDD-707D-4798-AAF3-7DD54A3DCF3D}.Release|x64.Build.0 = Release|x64
		{CB122CDD-707D-4798-AAF3-7DD54A3DCF3D}.Release|x86.ActiveCfg = Release|Win32
		{CB122CDD-707D-4798-AAF3-7DD54A3DCF3D}.Release|x86.Build.0 = Release|Win32
	EndGlobalSection
	GlobalSection(SolutionProperties) = preSolution
		HideSolutionNode = FALSE
	EndGlobalSection
	GlobalSection(ExtensibilityGlobals) = postSolution
		SolutionGuid = {9260D16D-7F88-4E0F-BB2D-7D7AEDD59E1E}
	EndGlobalSection
EndGlobal
