
Microsoft Visual Studio Solution File, Format Version 12.00
# Visual Studio 15
VisualStudioVersion = 15.0.27428.2005
MinimumVisualStudioVersion = 10.0.40219.1
Project("{8BC9CEB8-8B4A-11D0-8D11-00A0C91BC942}") = "Exam12_01", "Exam12_01\Exam12_01.vcxproj", "{7D72A2CC-A34C-40D2-8162-D95AC841A3A0}"
EndProject
Project("{8BC9CEB8-8B4A-11D0-8D11-00A0C91BC942}") = "Exam12_12", "Exam12_12\Exam12_12.vcxproj", "{CB756D4C-F555-43B8-9A5D-90B53DCB5CB0}"
EndProject
Project("{8BC9CEB8-8B4A-11D0-8D11-00A0C91BC942}") = "Exam12_11", "Exam12_11\Exam12_11.vcxproj", "{F4E3B015-584F-41ED-B038-AFACEDBE5F49}"
EndProject
Project("{8BC9CEB8-8B4A-11D0-8D11-00A0C91BC942}") = "Exam12_10", "Exam12_10\Exam12_10.vcxproj", "{057FEC07-9FF5-45BE-BF77-DAC5E8B8497C}"
EndProject
Project("{8BC9CEB8-8B4A-11D0-8D11-00A0C91BC942}") = "Exam12_09", "Exam12_09\Exam12_09.vcxproj", "{5412A13C-AA6D-4F42-95D2-32E437A3616C}"
EndProject
Project("{8BC9CEB8-8B4A-11D0-8D11-00A0C91BC942}") = "Exam12_08", "Exam12_08\Exam12_08.vcxproj", "{D0A8B354-7B66-42A2-AE21-5ECF1E48FB16}"
EndProject
Project("{8BC9CEB8-8B4A-11D0-8D11-00A0C91BC942}") = "Exam12_07", "Exam12_07\Exam12_07.vcxproj", "{01CF9213-1D42-48DE-B2FB-9E1D4F3B9748}"
EndProject
Project("{8BC9CEB8-8B4A-11D0-8D11-00A0C91BC942}") = "Exam12_06", "Exam12_06\Exam12_06.vcxproj", "{079A89CF-DD79-4BF9-9EE9-813567432326}"
EndProject
Project("{8BC9CEB8-8B4A-11D0-8D11-00A0C91BC942}") = "Exam12_05", "Exam12_05\Exam12_05.vcxproj", "{2377EF16-A77C-4658-BC27-4025C96A0983}"
EndProject
Project("{8BC9CEB8-8B4A-11D0-8D11-00A0C91BC942}") = "Exam12_04", "Exam12_04\Exam12_04.vcxproj", "{650F70D3-6577-4F17-8EA6-06D54B4F7F06}"
EndProject
Project("{8BC9CEB8-8B4A-11D0-8D11-00A0C91BC942}") = "Exam12_03", "Exam12_03\Exam12_03.vcxproj", "{D358B2AB-3BAF-409D-AEE3-BEBDF6B8CF16}"
EndProject
Project("{8BC9CEB8-8B4A-11D0-8D11-00A0C91BC942}") = "Exam12_02", "Exam12_02\Exam12_02.vcxproj", "{416800B3-C692-4DCC-8C6C-90E97A07AF6D}"
EndProject
Global
	GlobalSection(SolutionConfigurationPlatforms) = preSolution
		Debug|x64 = Debug|x64
		Debug|x86 = Debug|x86
		Release|x64 = Release|x64
		Release|x86 = Release|x86
	EndGlobalSection
	GlobalSection(ProjectConfigurationPlatforms) = postSolution
		{7D72A2CC-A34C-40D2-8162-D95AC841A3A0}.Debug|x64.ActiveCfg = Debug|x64
		{7D72A2CC-A34C-40D2-8162-D95AC841A3A0}.Debug|x64.Build.0 = Debug|x64
		{7D72A2CC-A34C-40D2-8162-D95AC841A3A0}.Debug|x86.ActiveCfg = Debug|Win32
		{7D72A2CC-A34C-40D2-8162-D95AC841A3A0}.Debug|x86.Build.0 = Debug|Win32
		{7D72A2CC-A34C-40D2-8162-D95AC841A3A0}.Release|x64.ActiveCfg = Release|x64
		{7D72A2CC-A34C-40D2-8162-D95AC841A3A0}.Release|x64.Build.0 = Release|x64
		{7D72A2CC-A34C-40D2-8162-D95AC841A3A0}.Release|x86.ActiveCfg = Release|Win32
		{7D72A2CC-A34C-40D2-8162-D95AC841A3A0}.Release|x86.Build.0 = Release|Win32
		{CB756D4C-F555-43B8-9A5D-90B53DCB5CB0}.Debug|x64.ActiveCfg = Debug|x64
		{CB756D4C-F555-43B8-9A5D-90B53DCB5CB0}.Debug|x64.Build.0 = Debug|x64
		{CB756D4C-F555-43B8-9A5D-90B53DCB5CB0}.Debug|x86.ActiveCfg = Debug|Win32
		{CB756D4C-F555-43B8-9A5D-90B53DCB5CB0}.Debug|x86.Build.0 = Debug|Win32
		{CB756D4C-F555-43B8-9A5D-90B53DCB5CB0}.Release|x64.ActiveCfg = Release|x64
		{CB756D4C-F555-43B8-9A5D-90B53DCB5CB0}.Release|x64.Build.0 = Release|x64
		{CB756D4C-F555-43B8-9A5D-90B53DCB5CB0}.Release|x86.ActiveCfg = Release|Win32
		{CB756D4C-F555-43B8-9A5D-90B53DCB5CB0}.Release|x86.Build.0 = Release|Win32
		{F4E3B015-584F-41ED-B038-AFACEDBE5F49}.Debug|x64.ActiveCfg = Debug|x64
		{F4E3B015-584F-41ED-B038-AFACEDBE5F49}.Debug|x64.Build.0 = Debug|x64
		{F4E3B015-584F-41ED-B038-AFACEDBE5F49}.Debug|x86.ActiveCfg = Debug|Win32
		{F4E3B015-584F-41ED-B038-AFACEDBE5F49}.Debug|x86.Build.0 = Debug|Win32
		{F4E3B015-584F-41ED-B038-AFACEDBE5F49}.Release|x64.ActiveCfg = Release|x64
		{F4E3B015-584F-41ED-B038-AFACEDBE5F49}.Release|x64.Build.0 = Release|x64
		{F4E3B015-584F-41ED-B038-AFACEDBE5F49}.Release|x86.ActiveCfg = Release|Win32
		{F4E3B015-584F-41ED-B038-AFACEDBE5F49}.Release|x86.Build.0 = Release|Win32
		{057FEC07-9FF5-45BE-BF77-DAC5E8B8497C}.Debug|x64.ActiveCfg = Debug|x64
		{057FEC07-9FF5-45BE-BF77-DAC5E8B8497C}.Debug|x64.Build.0 = Debug|x64
		{057FEC07-9FF5-45BE-BF77-DAC5E8B8497C}.Debug|x86.ActiveCfg = Debug|Win32
		{057FEC07-9FF5-45BE-BF77-DAC5E8B8497C}.Debug|x86.Build.0 = Debug|Win32
		{057FEC07-9FF5-45BE-BF77-DAC5E8B8497C}.Release|x64.ActiveCfg = Release|x64
		{057FEC07-9FF5-45BE-BF77-DAC5E8B8497C}.Release|x64.Build.0 = Release|x64
		{057FEC07-9FF5-45BE-BF77-DAC5E8B8497C}.Release|x86.ActiveCfg = Release|Win32
		{057FEC07-9FF5-45BE-BF77-DAC5E8B8497C}.Release|x86.Build.0 = Release|Win32
		{5412A13C-AA6D-4F42-95D2-32E437A3616C}.Debug|x64.ActiveCfg = Debug|x64
		{5412A13C-AA6D-4F42-95D2-32E437A3616C}.Debug|x64.Build.0 = Debug|x64
		{5412A13C-AA6D-4F42-95D2-32E437A3616C}.Debug|x86.ActiveCfg = Debug|Win32
		{5412A13C-AA6D-4F42-95D2-32E437A3616C}.Debug|x86.Build.0 = Debug|Win32
		{5412A13C-AA6D-4F42-95D2-32E437A3616C}.Release|x64.ActiveCfg = Release|x64
		{5412A13C-AA6D-4F42-95D2-32E437A3616C}.Release|x64.Build.0 = Release|x64
		{5412A13C-AA6D-4F42-95D2-32E437A3616C}.Release|x86.ActiveCfg = Release|Win32
		{5412A13C-AA6D-4F42-95D2-32E437A3616C}.Release|x86.Build.0 = Release|Win32
		{D0A8B354-7B66-42A2-AE21-5ECF1E48FB16}.Debug|x64.ActiveCfg = Debug|x64
		{D0A8B354-7B66-42A2-AE21-5ECF1E48FB16}.Debug|x64.Build.0 = Debug|x64
		{D0A8B354-7B66-42A2-AE21-5ECF1E48FB16}.Debug|x86.ActiveCfg = Debug|Win32
		{D0A8B354-7B66-42A2-AE21-5ECF1E48FB16}.Debug|x86.Build.0 = Debug|Win32
		{D0A8B354-7B66-42A2-AE21-5ECF1E48FB16}.Release|x64.ActiveCfg = Release|x64
		{D0A8B354-7B66-42A2-AE21-5ECF1E48FB16}.Release|x64.Build.0 = Release|x64
		{D0A8B354-7B66-42A2-AE21-5ECF1E48FB16}.Release|x86.ActiveCfg = Release|Win32
		{D0A8B354-7B66-42A2-AE21-5ECF1E48FB16}.Release|x86.Build.0 = Release|Win32
		{01CF9213-1D42-48DE-B2FB-9E1D4F3B9748}.Debug|x64.ActiveCfg = Debug|x64
		{01CF9213-1D42-48DE-B2FB-9E1D4F3B9748}.Debug|x64.Build.0 = Debug|x64
		{01CF9213-1D42-48DE-B2FB-9E1D4F3B9748}.Debug|x86.ActiveCfg = Debug|Win32
		{01CF9213-1D42-48DE-B2FB-9E1D4F3B9748}.Debug|x86.Build.0 = Debug|Win32
		{01CF9213-1D42-48DE-B2FB-9E1D4F3B9748}.Release|x64.ActiveCfg = Release|x64
		{01CF9213-1D42-48DE-B2FB-9E1D4F3B9748}.Release|x64.Build.0 = Release|x64
		{01CF9213-1D42-48DE-B2FB-9E1D4F3B9748}.Release|x86.ActiveCfg = Release|Win32
		{01CF9213-1D42-48DE-B2FB-9E1D4F3B9748}.Release|x86.Build.0 = Release|Win32
		{079A89CF-DD79-4BF9-9EE9-813567432326}.Debug|x64.ActiveCfg = Debug|x64
		{079A89CF-DD79-4BF9-9EE9-813567432326}.Debug|x64.Build.0 = Debug|x64
		{079A89CF-DD79-4BF9-9EE9-813567432326}.Debug|x86.ActiveCfg = Debug|Win32
		{079A89CF-DD79-4BF9-9EE9-813567432326}.Debug|x86.Build.0 = Debug|Win32
		{079A89CF-DD79-4BF9-9EE9-813567432326}.Release|x64.ActiveCfg = Release|x64
		{079A89CF-DD79-4BF9-9EE9-813567432326}.Release|x64.Build.0 = Release|x64
		{079A89CF-DD79-4BF9-9EE9-813567432326}.Release|x86.ActiveCfg = Release|Win32
		{079A89CF-DD79-4BF9-9EE9-813567432326}.Release|x86.Build.0 = Release|Win32
		{2377EF16-A77C-4658-BC27-4025C96A0983}.Debug|x64.ActiveCfg = Debug|x64
		{2377EF16-A77C-4658-BC27-4025C96A0983}.Debug|x64.Build.0 = Debug|x64
		{2377EF16-A77C-4658-BC27-4025C96A0983}.Debug|x86.ActiveCfg = Debug|Win32
		{2377EF16-A77C-4658-BC27-4025C96A0983}.Debug|x86.Build.0 = Debug|Win32
		{2377EF16-A77C-4658-BC27-4025C96A0983}.Release|x64.ActiveCfg = Release|x64
		{2377EF16-A77C-4658-BC27-4025C96A0983}.Release|x64.Build.0 = Release|x64
		{2377EF16-A77C-4658-BC27-4025C96A0983}.Release|x86.ActiveCfg = Release|Win32
		{2377EF16-A77C-4658-BC27-4025C96A0983}.Release|x86.Build.0 = Release|Win32
		{650F70D3-6577-4F17-8EA6-06D54B4F7F06}.Debug|x64.ActiveCfg = Debug|x64
		{650F70D3-6577-4F17-8EA6-06D54B4F7F06}.Debug|x64.Build.0 = Debug|x64
		{650F70D3-6577-4F17-8EA6-06D54B4F7F06}.Debug|x86.ActiveCfg = Debug|Win32
		{650F70D3-6577-4F17-8EA6-06D54B4F7F06}.Debug|x86.Build.0 = Debug|Win32
		{650F70D3-6577-4F17-8EA6-06D54B4F7F06}.Release|x64.ActiveCfg = Release|x64
		{650F70D3-6577-4F17-8EA6-06D54B4F7F06}.Release|x64.Build.0 = Release|x64
		{650F70D3-6577-4F17-8EA6-06D54B4F7F06}.Release|x86.ActiveCfg = Release|Win32
		{650F70D3-6577-4F17-8EA6-06D54B4F7F06}.Release|x86.Build.0 = Release|Win32
		{D358B2AB-3BAF-409D-AEE3-BEBDF6B8CF16}.Debug|x64.ActiveCfg = Debug|x64
		{D358B2AB-3BAF-409D-AEE3-BEBDF6B8CF16}.Debug|x64.Build.0 = Debug|x64
		{D358B2AB-3BAF-409D-AEE3-BEBDF6B8CF16}.Debug|x86.ActiveCfg = Debug|Win32
		{D358B2AB-3BAF-409D-AEE3-BEBDF6B8CF16}.Debug|x86.Build.0 = Debug|Win32
		{D358B2AB-3BAF-409D-AEE3-BEBDF6B8CF16}.Release|x64.ActiveCfg = Release|x64
		{D358B2AB-3BAF-409D-AEE3-BEBDF6B8CF16}.Release|x64.Build.0 = Release|x64
		{D358B2AB-3BAF-409D-AEE3-BEBDF6B8CF16}.Release|x86.ActiveCfg = Release|Win32
		{D358B2AB-3BAF-409D-AEE3-BEBDF6B8CF16}.Release|x86.Build.0 = Release|Win32
		{416800B3-C692-4DCC-8C6C-90E97A07AF6D}.Debug|x64.ActiveCfg = Debug|x64
		{416800B3-C692-4DCC-8C6C-90E97A07AF6D}.Debug|x64.Build.0 = Debug|x64
		{416800B3-C692-4DCC-8C6C-90E97A07AF6D}.Debug|x86.ActiveCfg = Debug|Win32
		{416800B3-C692-4DCC-8C6C-90E97A07AF6D}.Debug|x86.Build.0 = Debug|Win32
		{416800B3-C692-4DCC-8C6C-90E97A07AF6D}.Release|x64.ActiveCfg = Release|x64
		{416800B3-C692-4DCC-8C6C-90E97A07AF6D}.Release|x64.Build.0 = Release|x64
		{416800B3-C692-4DCC-8C6C-90E97A07AF6D}.Release|x86.ActiveCfg = Release|Win32
		{416800B3-C692-4DCC-8C6C-90E97A07AF6D}.Release|x86.Build.0 = Release|Win32
	EndGlobalSection
	GlobalSection(SolutionProperties) = preSolution
		HideSolutionNode = FALSE
	EndGlobalSection
	GlobalSection(ExtensibilityGlobals) = postSolution
		SolutionGuid = {60F2EB05-D8FC-4887-B310-6CD101027E15}
	EndGlobalSection
EndGlobal
